PODS:
  - AFNetworking (2.6.0):
    - AFNetworking/NSURLConnection (= 2.6.0)
    - AFNetworking/NSURLSession (= 2.6.0)
    - AFNetworking/Reachability (= 2.6.0)
    - AFNetworking/Security (= 2.6.0)
    - AFNetworking/Serialization (= 2.6.0)
    - AFNetworking/UIKit (= 2.6.0)
  - AFNetworking/NSURLConnection (2.6.0):
    - AFNetworking/Reachability
    - AFNetworking/Security
    - AFNetworking/Serialization
  - AFNetworking/NSURLSession (2.6.0):
    - AFNetworking/Reachability
    - AFNetworking/Security
    - AFNetworking/Serialization
  - AFNetworking/Reachability (2.6.0)
  - AFNetworking/Security (2.6.0)
  - AFNetworking/Serialization (2.6.0)
  - AFNetworking/UIKit (2.6.0):
    - AFNetworking/NSURLConnection
    - AFNetworking/NSURLSession
  - CocoaLumberjack (2.0.0):
    - CocoaLumberjack/Default (= 2.0.0)
    - CocoaLumberjack/Extensions (= 2.0.0)
  - CocoaLumberjack/Core (2.0.0)
  - CocoaLumberjack/Default (2.0.0):
    - CocoaLumberjack/Core
  - CocoaLumberjack/Extensions (2.0.0):
    - CocoaLumberjack/Default
  - FrameAccessor (1.3.2)
  - KeychainItemWrapper (0.0.1)
  - MBProgressHUD (0.9.1)
  - NSObject-SafeExpectations (0.0.2)
  - SDWebImage (3.7.3):
    - SDWebImage/Core (= 3.7.3)
  - SDWebImage-Category (1.4):
    - SDWebImage
  - SDWebImage/Core (3.7.3)
  - WordPressApi (0.3.5):
    - AFNetworking (~> 2.6.0)
    - wpxmlrpc (~> 0.7)
  - WPMediaPicker (0.5.0)
  - wpxmlrpc (0.8.1)

DEPENDENCIES:
  - AFNetworking (~> 2.6.0)
  - CocoaLumberjack (= 2.0.0)
  - FrameAccessor (~> 1.3.2)
  - KeychainItemWrapper (from `https://github.com/baptistefetet/KeychainItemWrapper.git`)
  - MBProgressHUD (~> 0.9.1)
  - NSObject-SafeExpectations (= 0.0.2)
  - SDWebImage (~> 3.7.3)
  - SDWebImage-Category (~> 1.4)
  - WordPressApi (from `https://raw.github.com/koke/WordPressApi/master/WordPressApi.podspec`)
  - WPMediaPicker
  - wpxmlrpc (~> 0.8.1)

EXTERNAL SOURCES:
  KeychainItemWrapper:
    :git: https://github.com/baptistefetet/KeychainItemWrapper.git
  WordPressApi:
    :podspec: https://raw.github.com/koke/WordPressApi/master/WordPressApi.podspec

CHECKOUT OPTIONS:
  KeychainItemWrapper:
    :commit: ae0f02819299a80f7d0c3c15fdb7aa5cb40e5e6f
    :git: https://github.com/baptistefetet/KeychainItemWrapper.git

SPEC CHECKSUMS:
  AFNetworking: 79f7eb1a0fcfa7beb409332b2ca49afe9ce53b05
  CocoaLumberjack: a6f77d987d65dc7ba86b0f84db7d0b9084f77bcb
  FrameAccessor: 0f7ba6ce37be9a5d0302a27c731dca70af8d438b
  KeychainItemWrapper: 633b6d97ac642a292a71a807ef2c4691bd7e2f74
  MBProgressHUD: c47f2c166c126cf2ce36498d80f33e754d4e93ad
  NSObject-SafeExpectations: 7d7f48df90df4e11da7cfe86b64f45eff7a7f521
  SDWebImage: 1d2b1a1efda1ade1b00b6f8498865f8ddedc8a84
  SDWebImage-Category: 1f1c00880a538f7faf5b726e1559cf1ca555c553
  WordPressApi: cb145d3c92ed54d4dbe70108d15f17ce3da3ad5d
  WPMediaPicker: 0757988f1519c20b92c91f470c41633ac42e3a0e
  wpxmlrpc: bd391dab54e9bdceb5d1de23d161ecf1ba80f0e0

COCOAPODS: 0.38.2
