// !$*UTF8*$!
{
	archiveVersion = 1;
	classes = {
	};
	objectVersion = 46;
	objects = {

/* Begin PBXBuildFile section */
		872EA6B293FCE6631BE2C2E8 /* libPods.a in Frameworks */ = {isa = PBXBuildFile; fileRef = 18CF6DFA59734B2F271C3B17 /* libPods.a */; };
		B41049E21BA992BC00109B9B /* Blog.m in Sources */ = {isa = PBXBuildFile; fileRef = B41049E11BA992BC00109B9B /* Blog.m */; };
		B41049E61BA9AA7000109B9B /* Security.framework in Frameworks */ = {isa = PBXBuildFile; fileRef = B41049E51BA9AA7000109B9B /* Security.framework */; };
		B44B19DB1B9499B10028D41C /* SourceFile.m in Sources */ = {isa = PBXBuildFile; fileRef = B44B19DA1B9499B10028D41C /* SourceFile.m */; };
		B46004CE1B8CBB1000757221 /* FunctionsViewController.m in Sources */ = {isa = PBXBuildFile; fileRef = B46004CD1B8CBB1000757221 /* FunctionsViewController.m */; };
		B46004D11B8CBB3D00757221 /* CategoriesViewController.m in Sources */ = {isa = PBXBuildFile; fileRef = B46004D01B8CBB3D00757221 /* CategoriesViewController.m */; };
		B46004D41B8CBB5000757221 /* SourcefileViewController.m in Sources */ = {isa = PBXBuildFile; fileRef = B46004D31B8CBB5000757221 /* SourcefileViewController.m */; };
		B46004D71B8CBB5D00757221 /* ManagesiteViewController.m in Sources */ = {isa = PBXBuildFile; fileRef = B46004D61B8CBB5D00757221 /* ManagesiteViewController.m */; };
		B46004DA1B8CBB6900757221 /* AboutViewController.m in Sources */ = {isa = PBXBuildFile; fileRef = B46004D91B8CBB6900757221 /* AboutViewController.m */; };
		B4A91A791BA7243900874D56 /* AddSiteViewController.m in Sources */ = {isa = PBXBuildFile; fileRef = B4A91A781BA7243900874D56 /* AddSiteViewController.m */; };
		B4C04FD51B9B256500A43AEA /* CatItem.m in Sources */ = {isa = PBXBuildFile; fileRef = B4C04FD41B9B256500A43AEA /* CatItem.m */; };
		B4DAE42E1BA4876700D51121 /* sourcefile.html in Resources */ = {isa = PBXBuildFile; fileRef = B4DAE42D1BA4876700D51121 /* sourcefile.html */; };
		B4DB66311BAC3D4E00B625CC /* FuncItems.sqlite3 in Resources */ = {isa = PBXBuildFile; fileRef = B4DB66301BAC3D4E00B625CC /* FuncItems.sqlite3 */; };
		B4DB66331BAC3D7A00B625CC /* UserData.db in Resources */ = {isa = PBXBuildFile; fileRef = B4DB66321BAC3D7A00B625CC /* UserData.db */; };
		B4DD044D1B8DD85500E2ACA3 /* FuncItemViewController.m in Sources */ = {isa = PBXBuildFile; fileRef = B4DD044C1B8DD85500E2ACA3 /* FuncItemViewController.m */; };
		B4DD04501B8DD88400E2ACA3 /* CatItemViewController.m in Sources */ = {isa = PBXBuildFile; fileRef = B4DD044F1B8DD88400E2ACA3 /* CatItemViewController.m */; };
		B4DD04531B8DD89500E2ACA3 /* FileItemViewController.m in Sources */ = {isa = PBXBuildFile; fileRef = B4DD04521B8DD89500E2ACA3 /* FileItemViewController.m */; };
		B4DD045E1B8E0F3600E2ACA3 /* FuncItem.m in Sources */ = {isa = PBXBuildFile; fileRef = B4DD045D1B8E0F3600E2ACA3 /* FuncItem.m */; };
		B4E149A01BA3FC8500C6CA20 /* CatFuncItemsViewController.m in Sources */ = {isa = PBXBuildFile; fileRef = B4E1499F1BA3FC8500C6CA20 /* CatFuncItemsViewController.m */; };
		B4E2BB9E1B8F32DE00B10CF2 /* DataModel.m in Sources */ = {isa = PBXBuildFile; fileRef = B4E2BB9D1B8F32DE00B10CF2 /* DataModel.m */; };
		B4E2BBA01B8F40B100B10CF2 /* libsqlite3.0.dylib in Frameworks */ = {isa = PBXBuildFile; fileRef = B4E2BB9F1B8F40B100B10CF2 /* libsqlite3.0.dylib */; };
		B4E53F121B87FDCB00C4CFAA /* main.m in Sources */ = {isa = PBXBuildFile; fileRef = B4E53F111B87FDCB00C4CFAA /* main.m */; };
		B4E53F151B87FDCB00C4CFAA /* AppDelegate.m in Sources */ = {isa = PBXBuildFile; fileRef = B4E53F141B87FDCB00C4CFAA /* AppDelegate.m */; };
		B4E53F1E1B87FDCB00C4CFAA /* Main.storyboard in Resources */ = {isa = PBXBuildFile; fileRef = B4E53F1C1B87FDCB00C4CFAA /* Main.storyboard */; };
		B4E53F201B87FDCB00C4CFAA /* Images.xcassets in Resources */ = {isa = PBXBuildFile; fileRef = B4E53F1F1B87FDCB00C4CFAA /* Images.xcassets */; };
		B4E53F231B87FDCB00C4CFAA /* LaunchScreen.xib in Resources */ = {isa = PBXBuildFile; fileRef = B4E53F211B87FDCB00C4CFAA /* LaunchScreen.xib */; };
		B4E53F2F1B87FDCB00C4CFAA /* WordPressKitTests.m in Sources */ = {isa = PBXBuildFile; fileRef = B4E53F2E1B87FDCB00C4CFAA /* WordPressKitTests.m */; };
/* End PBXBuildFile section */

/* Begin PBXContainerItemProxy section */
		B4E53F291B87FDCB00C4CFAA /* PBXContainerItemProxy */ = {
			isa = PBXContainerItemProxy;
			containerPortal = B4E53F041B87FDCB00C4CFAA /* Project object */;
			proxyType = 1;
			remoteGlobalIDString = B4E53F0B1B87FDCB00C4CFAA;
			remoteInfo = WordPressKit;
		};
/* End PBXContainerItemProxy section */

/* Begin PBXFileReference section */
		18CF6DFA59734B2F271C3B17 /* libPods.a */ = {isa = PBXFileReference; explicitFileType = archive.ar; includeInIndex = 0; path = libPods.a; sourceTree = BUILT_PRODUCTS_DIR; };
		2201DCDA6069FDA7BD32C1F2 /* Pods.debug.xcconfig */ = {isa = PBXFileReference; includeInIndex = 1; lastKnownFileType = text.xcconfig; name = Pods.debug.xcconfig; path = "Pods/Target Support Files/Pods/Pods.debug.xcconfig"; sourceTree = "<group>"; };
		B41049E01BA992BC00109B9B /* Blog.h */ = {isa = PBXFileReference; fileEncoding = 4; lastKnownFileType = sourcecode.c.h; path = Blog.h; sourceTree = "<group>"; };
		B41049E11BA992BC00109B9B /* Blog.m */ = {isa = PBXFileReference; fileEncoding = 4; lastKnownFileType = sourcecode.c.objc; path = Blog.m; sourceTree = "<group>"; };
		B41049E51BA9AA7000109B9B /* Security.framework */ = {isa = PBXFileReference; lastKnownFileType = wrapper.framework; name = Security.framework; path = System/Library/Frameworks/Security.framework; sourceTree = SDKROOT; };
		B44B19D91B9499B10028D41C /* SourceFile.h */ = {isa = PBXFileReference; fileEncoding = 4; lastKnownFileType = sourcecode.c.h; path = SourceFile.h; sourceTree = "<group>"; };
		B44B19DA1B9499B10028D41C /* SourceFile.m */ = {isa = PBXFileReference; fileEncoding = 4; lastKnownFileType = sourcecode.c.objc; path = SourceFile.m; sourceTree = "<group>"; };
		B46004CC1B8CBB1000757221 /* FunctionsViewController.h */ = {isa = PBXFileReference; fileEncoding = 4; lastKnownFileType = sourcecode.c.h; path = FunctionsViewController.h; sourceTree = "<group>"; };
		B46004CD1B8CBB1000757221 /* FunctionsViewController.m */ = {isa = PBXFileReference; fileEncoding = 4; lastKnownFileType = sourcecode.c.objc; path = FunctionsViewController.m; sourceTree = "<group>"; };
		B46004CF1B8CBB3D00757221 /* CategoriesViewController.h */ = {isa = PBXFileReference; fileEncoding = 4; lastKnownFileType = sourcecode.c.h; path = CategoriesViewController.h; sourceTree = "<group>"; };
		B46004D01B8CBB3D00757221 /* CategoriesViewController.m */ = {isa = PBXFileReference; fileEncoding = 4; lastKnownFileType = sourcecode.c.objc; path = CategoriesViewController.m; sourceTree = "<group>"; };
		B46004D21B8CBB5000757221 /* SourcefileViewController.h */ = {isa = PBXFileReference; fileEncoding = 4; lastKnownFileType = sourcecode.c.h; path = SourcefileViewController.h; sourceTree = "<group>"; };
		B46004D31B8CBB5000757221 /* SourcefileViewController.m */ = {isa = PBXFileReference; fileEncoding = 4; lastKnownFileType = sourcecode.c.objc; path = SourcefileViewController.m; sourceTree = "<group>"; };
		B46004D51B8CBB5D00757221 /* ManagesiteViewController.h */ = {isa = PBXFileReference; fileEncoding = 4; lastKnownFileType = sourcecode.c.h; path = ManagesiteViewController.h; sourceTree = "<group>"; };
		B46004D61B8CBB5D00757221 /* ManagesiteViewController.m */ = {isa = PBXFileReference; fileEncoding = 4; lastKnownFileType = sourcecode.c.objc; path = ManagesiteViewController.m; sourceTree = "<group>"; };
		B46004D81B8CBB6900757221 /* AboutViewController.h */ = {isa = PBXFileReference; fileEncoding = 4; lastKnownFileType = sourcecode.c.h; path = AboutViewController.h; sourceTree = "<group>"; };
		B46004D91B8CBB6900757221 /* AboutViewController.m */ = {isa = PBXFileReference; fileEncoding = 4; lastKnownFileType = sourcecode.c.objc; path = AboutViewController.m; sourceTree = "<group>"; };
		B4A91A771BA7243900874D56 /* AddSiteViewController.h */ = {isa = PBXFileReference; fileEncoding = 4; lastKnownFileType = sourcecode.c.h; path = AddSiteViewController.h; sourceTree = "<group>"; };
		B4A91A781BA7243900874D56 /* AddSiteViewController.m */ = {isa = PBXFileReference; fileEncoding = 4; lastKnownFileType = sourcecode.c.objc; path = AddSiteViewController.m; sourceTree = "<group>"; };
		B4C04FD31B9B256500A43AEA /* CatItem.h */ = {isa = PBXFileReference; fileEncoding = 4; lastKnownFileType = sourcecode.c.h; path = CatItem.h; sourceTree = "<group>"; };
		B4C04FD41B9B256500A43AEA /* CatItem.m */ = {isa = PBXFileReference; fileEncoding = 4; lastKnownFileType = sourcecode.c.objc; path = CatItem.m; sourceTree = "<group>"; };
		B4DAE42D1BA4876700D51121 /* sourcefile.html */ = {isa = PBXFileReference; fileEncoding = 4; lastKnownFileType = text.html; path = sourcefile.html; sourceTree = "<group>"; };
		B4DB66301BAC3D4E00B625CC /* FuncItems.sqlite3 */ = {isa = PBXFileReference; lastKnownFileType = file; path = FuncItems.sqlite3; sourceTree = "<group>"; };
		B4DB66321BAC3D7A00B625CC /* UserData.db */ = {isa = PBXFileReference; lastKnownFileType = file; path = UserData.db; sourceTree = "<group>"; };
		B4DD044B1B8DD85500E2ACA3 /* FuncItemViewController.h */ = {isa = PBXFileReference; fileEncoding = 4; lastKnownFileType = sourcecode.c.h; path = FuncItemViewController.h; sourceTree = "<group>"; };
		B4DD044C1B8DD85500E2ACA3 /* FuncItemViewController.m */ = {isa = PBXFileReference; fileEncoding = 4; lastKnownFileType = sourcecode.c.objc; path = FuncItemViewController.m; sourceTree = "<group>"; };
		B4DD044E1B8DD88400E2ACA3 /* CatItemViewController.h */ = {isa = PBXFileReference; fileEncoding = 4; lastKnownFileType = sourcecode.c.h; path = CatItemViewController.h; sourceTree = "<group>"; };
		B4DD044F1B8DD88400E2ACA3 /* CatItemViewController.m */ = {isa = PBXFileReference; fileEncoding = 4; lastKnownFileType = sourcecode.c.objc; path = CatItemViewController.m; sourceTree = "<group>"; };
		B4DD04511B8DD89500E2ACA3 /* FileItemViewController.h */ = {isa = PBXFileReference; fileEncoding = 4; lastKnownFileType = sourcecode.c.h; path = FileItemViewController.h; sourceTree = "<group>"; };
		B4DD04521B8DD89500E2ACA3 /* FileItemViewController.m */ = {isa = PBXFileReference; fileEncoding = 4; lastKnownFileType = sourcecode.c.objc; path = FileItemViewController.m; sourceTree = "<group>"; };
		B4DD045C1B8E0F3600E2ACA3 /* FuncItem.h */ = {isa = PBXFileReference; fileEncoding = 4; lastKnownFileType = sourcecode.c.h; path = FuncItem.h; sourceTree = "<group>"; };
		B4DD045D1B8E0F3600E2ACA3 /* FuncItem.m */ = {isa = PBXFileReference; fileEncoding = 4; lastKnownFileType = sourcecode.c.objc; path = FuncItem.m; sourceTree = "<group>"; };
		B4E1499E1BA3FC8500C6CA20 /* CatFuncItemsViewController.h */ = {isa = PBXFileReference; fileEncoding = 4; lastKnownFileType = sourcecode.c.h; path = CatFuncItemsViewController.h; sourceTree = "<group>"; };
		B4E1499F1BA3FC8500C6CA20 /* CatFuncItemsViewController.m */ = {isa = PBXFileReference; fileEncoding = 4; lastKnownFileType = sourcecode.c.objc; path = CatFuncItemsViewController.m; sourceTree = "<group>"; };
		B4E2BB9C1B8F32DE00B10CF2 /* DataModel.h */ = {isa = PBXFileReference; fileEncoding = 4; lastKnownFileType = sourcecode.c.h; path = DataModel.h; sourceTree = "<group>"; };
		B4E2BB9D1B8F32DE00B10CF2 /* DataModel.m */ = {isa = PBXFileReference; fileEncoding = 4; lastKnownFileType = sourcecode.c.objc; path = DataModel.m; sourceTree = "<group>"; };
		B4E2BB9F1B8F40B100B10CF2 /* libsqlite3.0.dylib */ = {isa = PBXFileReference; lastKnownFileType = "compiled.mach-o.dylib"; name = libsqlite3.0.dylib; path = usr/lib/libsqlite3.0.dylib; sourceTree = SDKROOT; };
		B4E53F0C1B87FDCB00C4CFAA /* WordPressKit.app */ = {isa = PBXFileReference; explicitFileType = wrapper.application; includeInIndex = 0; path = WordPressKit.app; sourceTree = BUILT_PRODUCTS_DIR; };
		B4E53F101B87FDCB00C4CFAA /* Info.plist */ = {isa = PBXFileReference; lastKnownFileType = text.plist.xml; path = Info.plist; sourceTree = "<group>"; };
		B4E53F111B87FDCB00C4CFAA /* main.m */ = {isa = PBXFileReference; lastKnownFileType = sourcecode.c.objc; path = main.m; sourceTree = "<group>"; };
		B4E53F131B87FDCB00C4CFAA /* AppDelegate.h */ = {isa = PBXFileReference; lastKnownFileType = sourcecode.c.h; path = AppDelegate.h; sourceTree = "<group>"; };
		B4E53F141B87FDCB00C4CFAA /* AppDelegate.m */ = {isa = PBXFileReference; lastKnownFileType = sourcecode.c.objc; path = AppDelegate.m; sourceTree = "<group>"; };
		B4E53F1D1B87FDCB00C4CFAA /* Base */ = {isa = PBXFileReference; lastKnownFileType = file.storyboard; name = Base; path = Base.lproj/Main.storyboard; sourceTree = "<group>"; };
		B4E53F1F1B87FDCB00C4CFAA /* Images.xcassets */ = {isa = PBXFileReference; lastKnownFileType = folder.assetcatalog; path = Images.xcassets; sourceTree = "<group>"; };
		B4E53F221B87FDCB00C4CFAA /* Base */ = {isa = PBXFileReference; lastKnownFileType = file.xib; name = Base; path = Base.lproj/LaunchScreen.xib; sourceTree = "<group>"; };
		B4E53F281B87FDCB00C4CFAA /* WordPressKitTests.xctest */ = {isa = PBXFileReference; explicitFileType = wrapper.cfbundle; includeInIndex = 0; path = WordPressKitTests.xctest; sourceTree = BUILT_PRODUCTS_DIR; };
		B4E53F2D1B87FDCB00C4CFAA /* Info.plist */ = {isa = PBXFileReference; lastKnownFileType = text.plist.xml; path = Info.plist; sourceTree = "<group>"; };
		B4E53F2E1B87FDCB00C4CFAA /* WordPressKitTests.m */ = {isa = PBXFileReference; lastKnownFileType = sourcecode.c.objc; path = WordPressKitTests.m; sourceTree = "<group>"; };
		EEEC05FB07F931989DBD5D97 /* Pods.release.xcconfig */ = {isa = PBXFileReference; includeInIndex = 1; lastKnownFileType = text.xcconfig; name = Pods.release.xcconfig; path = "Pods/Target Support Files/Pods/Pods.release.xcconfig"; sourceTree = "<group>"; };
/* End PBXFileReference section */

/* Begin PBXFrameworksBuildPhase section */
		B4E53F091B87FDCB00C4CFAA /* Frameworks */ = {
			isa = PBXFrameworksBuildPhase;
			buildActionMask = 2147483647;
			files = (
				B41049E61BA9AA7000109B9B /* Security.framework in Frameworks */,
				B4E2BBA01B8F40B100B10CF2 /* libsqlite3.0.dylib in Frameworks */,
				872EA6B293FCE6631BE2C2E8 /* libPods.a in Frameworks */,
			);
			runOnlyForDeploymentPostprocessing = 0;
		};
		B4E53F251B87FDCB00C4CFAA /* Frameworks */ = {
			isa = PBXFrameworksBuildPhase;
			buildActionMask = 2147483647;
			files = (
			);
			runOnlyForDeploymentPostprocessing = 0;
		};
/* End PBXFrameworksBuildPhase section */

/* Begin PBXGroup section */
		4C441027CD5E2358E6F37960 /* Pods */ = {
			isa = PBXGroup;
			children = (
				2201DCDA6069FDA7BD32C1F2 /* Pods.debug.xcconfig */,
				EEEC05FB07F931989DBD5D97 /* Pods.release.xcconfig */,
			);
			name = Pods;
			sourceTree = "<group>";
		};
		B46004DC1B8CBB9C00757221 /* Views */ = {
			isa = PBXGroup;
			children = (
				B4DD045B1B8DD91C00E2ACA3 /* About */,
				B4DD045A1B8DD91100E2ACA3 /* Categories */,
				B4DD04591B8DD90500E2ACA3 /* Functions */,
				B4DD04571B8DD8D900E2ACA3 /* ManageSite */,
				B4DD04581B8DD8ED00E2ACA3 /* SourceFile */,
			);
			path = Views;
			sourceTree = "<group>";
		};
		B4DD04571B8DD8D900E2ACA3 /* ManageSite */ = {
			isa = PBXGroup;
			children = (
				B4A91A771BA7243900874D56 /* AddSiteViewController.h */,
				B4A91A781BA7243900874D56 /* AddSiteViewController.m */,
				B46004D51B8CBB5D00757221 /* ManagesiteViewController.h */,
				B46004D61B8CBB5D00757221 /* ManagesiteViewController.m */,
			);
			path = ManageSite;
			sourceTree = "<group>";
		};
		B4DD04581B8DD8ED00E2ACA3 /* SourceFile */ = {
			isa = PBXGroup;
			children = (
				B4DD04511B8DD89500E2ACA3 /* FileItemViewController.h */,
				B4DD04521B8DD89500E2ACA3 /* FileItemViewController.m */,
				B46004D21B8CBB5000757221 /* SourcefileViewController.h */,
				B46004D31B8CBB5000757221 /* SourcefileViewController.m */,
			);
			path = SourceFile;
			sourceTree = "<group>";
		};
		B4DD04591B8DD90500E2ACA3 /* Functions */ = {
			isa = PBXGroup;
			children = (
				B4DD044B1B8DD85500E2ACA3 /* FuncItemViewController.h */,
				B4DD044C1B8DD85500E2ACA3 /* FuncItemViewController.m */,
				B46004CC1B8CBB1000757221 /* FunctionsViewController.h */,
				B46004CD1B8CBB1000757221 /* FunctionsViewController.m */,
			);
			path = Functions;
			sourceTree = "<group>";
		};
		B4DD045A1B8DD91100E2ACA3 /* Categories */ = {
			isa = PBXGroup;
			children = (
				B4E1499E1BA3FC8500C6CA20 /* CatFuncItemsViewController.h */,
				B4E1499F1BA3FC8500C6CA20 /* CatFuncItemsViewController.m */,
				B4DD044E1B8DD88400E2ACA3 /* CatItemViewController.h */,
				B4DD044F1B8DD88400E2ACA3 /* CatItemViewController.m */,
				B46004CF1B8CBB3D00757221 /* CategoriesViewController.h */,
				B46004D01B8CBB3D00757221 /* CategoriesViewController.m */,
			);
			path = Categories;
			sourceTree = "<group>";
		};
		B4DD045B1B8DD91C00E2ACA3 /* About */ = {
			isa = PBXGroup;
			children = (
				B46004D81B8CBB6900757221 /* AboutViewController.h */,
				B46004D91B8CBB6900757221 /* AboutViewController.m */,
			);
			path = About;
			sourceTree = "<group>";
		};
		B4DD045F1B8E0F3B00E2ACA3 /* Model */ = {
			isa = PBXGroup;
			children = (
				B41049E01BA992BC00109B9B /* Blog.h */,
				B41049E11BA992BC00109B9B /* Blog.m */,
				B4C04FD31B9B256500A43AEA /* CatItem.h */,
				B4C04FD41B9B256500A43AEA /* CatItem.m */,
				B4E2BB9C1B8F32DE00B10CF2 /* DataModel.h */,
				B4E2BB9D1B8F32DE00B10CF2 /* DataModel.m */,
				B4DD045C1B8E0F3600E2ACA3 /* FuncItem.h */,
				B4DD045D1B8E0F3600E2ACA3 /* FuncItem.m */,
				B44B19D91B9499B10028D41C /* SourceFile.h */,
				B44B19DA1B9499B10028D41C /* SourceFile.m */,
			);
			path = Model;
			sourceTree = "<group>";
		};
		B4E53F031B87FDCB00C4CFAA = {
			isa = PBXGroup;
			children = (
				B622458F32FA8E0D941839DB /* Frameworks */,
				4C441027CD5E2358E6F37960 /* Pods */,
				B4E53F0D1B87FDCB00C4CFAA /* Products */,
				B4E53F0E1B87FDCB00C4CFAA /* WordPressKit */,
				B4E53F2B1B87FDCB00C4CFAA /* WordPressKitTests */,
			);
			sourceTree = "<group>";
		};
		B4E53F0D1B87FDCB00C4CFAA /* Products */ = {
			isa = PBXGroup;
			children = (
				B4E53F0C1B87FDCB00C4CFAA /* WordPressKit.app */,
				B4E53F281B87FDCB00C4CFAA /* WordPressKitTests.xctest */,
			);
			name = Products;
			sourceTree = "<group>";
		};
		B4E53F0E1B87FDCB00C4CFAA /* WordPressKit */ = {
			isa = PBXGroup;
			children = (
				B4DD045F1B8E0F3B00E2ACA3 /* Model */,
				B4E53F0F1B87FDCB00C4CFAA /* Supporting Files */,
				B46004DC1B8CBB9C00757221 /* Views */,
				B4E53F131B87FDCB00C4CFAA /* AppDelegate.h */,
				B4E53F141B87FDCB00C4CFAA /* AppDelegate.m */,
				B4E53F1F1B87FDCB00C4CFAA /* Images.xcassets */,
				B4E53F211B87FDCB00C4CFAA /* LaunchScreen.xib */,
				B4E53F1C1B87FDCB00C4CFAA /* Main.storyboard */,
			);
			path = WordPressKit;
			sourceTree = "<group>";
		};
		B4E53F0F1B87FDCB00C4CFAA /* Supporting Files */ = {
			isa = PBXGroup;
			children = (
				B4DB66301BAC3D4E00B625CC /* FuncItems.sqlite3 */,
				B4E53F101B87FDCB00C4CFAA /* Info.plist */,
				B4DB66321BAC3D7A00B625CC /* UserData.db */,
				B4E53F111B87FDCB00C4CFAA /* main.m */,
				B4DAE42D1BA4876700D51121 /* sourcefile.html */,
			);
			path = "Supporting Files";
			sourceTree = "<group>";
		};
		B4E53F2B1B87FDCB00C4CFAA /* WordPressKitTests */ = {
			isa = PBXGroup;
			children = (
				B4E53F2C1B87FDCB00C4CFAA /* Supporting Files */,
				B4E53F2E1B87FDCB00C4CFAA /* WordPressKitTests.m */,
			);
			path = WordPressKitTests;
			sourceTree = "<group>";
		};
		B4E53F2C1B87FDCB00C4CFAA /* Supporting Files */ = {
			isa = PBXGroup;
			children = (
				B4E53F2D1B87FDCB00C4CFAA /* Info.plist */,
			);
			path = "Supporting Files";
			sourceTree = "<group>";
		};
		B622458F32FA8E0D941839DB /* Frameworks */ = {
			isa = PBXGroup;
			children = (
				B41049E51BA9AA7000109B9B /* Security.framework */,
				B4E2BB9F1B8F40B100B10CF2 /* libsqlite3.0.dylib */,
				18CF6DFA59734B2F271C3B17 /* libPods.a */,
			);
			name = Frameworks;
			sourceTree = "<group>";
		};
/* End PBXGroup section */

/* Begin PBXNativeTarget section */
		B4E53F0B1B87FDCB00C4CFAA /* WordPressKit */ = {
			isa = PBXNativeTarget;
			buildConfigurationList = B4E53F321B87FDCB00C4CFAA /* Build configuration list for PBXNativeTarget "WordPressKit" */;
			buildPhases = (
				20846F54BF389EA59C645796 /* Check Pods Manifest.lock */,
				B4E53F081B87FDCB00C4CFAA /* Sources */,
				B4E53F091B87FDCB00C4CFAA /* Frameworks */,
				B4E53F0A1B87FDCB00C4CFAA /* Resources */,
				CCF9E8702D2AB3D89A5077C8 /* Copy Pods Resources */,
			);
			buildRules = (
			);
			dependencies = (
			);
			name = WordPressKit;
			productName = WordPressKit;
			productReference = B4E53F0C1B87FDCB00C4CFAA /* WordPressKit.app */;
			productType = "com.apple.product-type.application";
		};
		B4E53F271B87FDCB00C4CFAA /* WordPressKitTests */ = {
			isa = PBXNativeTarget;
			buildConfigurationList = B4E53F351B87FDCB00C4CFAA /* Build configuration list for PBXNativeTarget "WordPressKitTests" */;
			buildPhases = (
				B4E53F241B87FDCB00C4CFAA /* Sources */,
				B4E53F251B87FDCB00C4CFAA /* Frameworks */,
				B4E53F261B87FDCB00C4CFAA /* Resources */,
			);
			buildRules = (
			);
			dependencies = (
				B4E53F2A1B87FDCB00C4CFAA /* PBXTargetDependency */,
			);
			name = WordPressKitTests;
			productName = WordPressKitTests;
			productReference = B4E53F281B87FDCB00C4CFAA /* WordPressKitTests.xctest */;
			productType = "com.apple.product-type.bundle.unit-test";
		};
/* End PBXNativeTarget section */

/* Begin PBXProject section */
		B4E53F041B87FDCB00C4CFAA /* Project object */ = {
			isa = PBXProject;
			attributes = {
				LastUpgradeCheck = 0640;
				ORGANIZATIONNAME = wuxueqian;
				TargetAttributes = {
					B4E53F0B1B87FDCB00C4CFAA = {
						CreatedOnToolsVersion = 6.4;
					};
					B4E53F271B87FDCB00C4CFAA = {
						CreatedOnToolsVersion = 6.4;
						TestTargetID = B4E53F0B1B87FDCB00C4CFAA;
					};
				};
			};
			buildConfigurationList = B4E53F071B87FDCB00C4CFAA /* Build configuration list for PBXProject "wordpresskit" */;
			compatibilityVersion = "Xcode 3.2";
			developmentRegion = English;
			hasScannedForEncodings = 0;
			knownRegions = (
				en,
				Base,
			);
			mainGroup = B4E53F031B87FDCB00C4CFAA;
			productRefGroup = B4E53F0D1B87FDCB00C4CFAA /* Products */;
			projectDirPath = "";
			projectRoot = "";
			targets = (
				B4E53F0B1B87FDCB00C4CFAA /* WordPressKit */,
				B4E53F271B87FDCB00C4CFAA /* WordPressKitTests */,
			);
		};
/* End PBXProject section */

/* Begin PBXResourcesBuildPhase section */
		B4E53F0A1B87FDCB00C4CFAA /* Resources */ = {
			isa = PBXResourcesBuildPhase;
			buildActionMask = 2147483647;
			files = (
				B4E53F1E1B87FDCB00C4CFAA /* Main.storyboard in Resources */,
				B4DB66311BAC3D4E00B625CC /* FuncItems.sqlite3 in Resources */,
				B4DB66331BAC3D7A00B625CC /* UserData.db in Resources */,
				B4E53F231B87FDCB00C4CFAA /* LaunchScreen.xib in Resources */,
				B4DAE42E1BA4876700D51121 /* sourcefile.html in Resources */,
				B4E53F201B87FDCB00C4CFAA /* Images.xcassets in Resources */,
			);
			runOnlyForDeploymentPostprocessing = 0;
		};
		B4E53F261B87FDCB00C4CFAA /* Resources */ = {
			isa = PBXResourcesBuildPhase;
			buildActionMask = 2147483647;
			files = (
			);
			runOnlyForDeploymentPostprocessing = 0;
		};
/* End PBXResourcesBuildPhase section */

/* Begin PBXShellScriptBuildPhase section */
		20846F54BF389EA59C645796 /* Check Pods Manifest.lock */ = {
			isa = PBXShellScriptBuildPhase;
			buildActionMask = 2147483647;
			files = (
			);
			inputPaths = (
			);
			name = "Check Pods Manifest.lock";
			outputPaths = (
			);
			runOnlyForDeploymentPostprocessing = 0;
			shellPath = /bin/sh;
			shellScript = "diff \"${PODS_ROOT}/../Podfile.lock\" \"${PODS_ROOT}/Manifest.lock\" > /dev/null\nif [[ $? != 0 ]] ; then\n    cat << EOM\nerror: The sandbox is not in sync with the Podfile.lock. Run 'pod install' or update your CocoaPods installation.\nEOM\n    exit 1\nfi\n";
			showEnvVarsInLog = 0;
		};
		CCF9E8702D2AB3D89A5077C8 /* Copy Pods Resources */ = {
			isa = PBXShellScriptBuildPhase;
			buildActionMask = 2147483647;
			files = (
			);
			inputPaths = (
			);
			name = "Copy Pods Resources";
			outputPaths = (
			);
			runOnlyForDeploymentPostprocessing = 0;
			shellPath = /bin/sh;
			shellScript = "\"${SRCROOT}/Pods/Target Support Files/Pods/Pods-resources.sh\"\n";
			showEnvVarsInLog = 0;
		};
/* End PBXShellScriptBuildPhase section */

/* Begin PBXSourcesBuildPhase section */
		B4E53F081B87FDCB00C4CFAA /* Sources */ = {
			isa = PBXSourcesBuildPhase;
			buildActionMask = 2147483647;
			files = (
				B4E2BB9E1B8F32DE00B10CF2 /* DataModel.m in Sources */,
				B4DD045E1B8E0F3600E2ACA3 /* FuncItem.m in Sources */,
				B46004D41B8CBB5000757221 /* SourcefileViewController.m in Sources */,
				B46004CE1B8CBB1000757221 /* FunctionsViewController.m in Sources */,
				B46004D71B8CBB5D00757221 /* ManagesiteViewController.m in Sources */,
				B46004DA1B8CBB6900757221 /* AboutViewController.m in Sources */,
				B4DD04501B8DD88400E2ACA3 /* CatItemViewController.m in Sources */,
				B44B19DB1B9499B10028D41C /* SourceFile.m in Sources */,
				B4E53F151B87FDCB00C4CFAA /* AppDelegate.m in Sources */,
				B4DD044D1B8DD85500E2ACA3 /* FuncItemViewController.m in Sources */,
				B41049E21BA992BC00109B9B /* Blog.m in Sources */,
				B4A91A791BA7243900874D56 /* AddSiteViewController.m in Sources */,
				B4DD04531B8DD89500E2ACA3 /* FileItemViewController.m in Sources */,
				B4E149A01BA3FC8500C6CA20 /* CatFuncItemsViewController.m in Sources */,
				B46004D11B8CBB3D00757221 /* CategoriesViewController.m in Sources */,
				B4E53F121B87FDCB00C4CFAA /* main.m in Sources */,
				B4C04FD51B9B256500A43AEA /* CatItem.m in Sources */,
			);
			runOnlyForDeploymentPostprocessing = 0;
		};
		B4E53F241B87FDCB00C4CFAA /* Sources */ = {
			isa = PBXSourcesBuildPhase;
			buildActionMask = 2147483647;
			files = (
				B4E53F2F1B87FDCB00C4CFAA /* WordPressKitTests.m in Sources */,
			);
			runOnlyForDeploymentPostprocessing = 0;
		};
/* End PBXSourcesBuildPhase section */

/* Begin PBXTargetDependency section */
		B4E53F2A1B87FDCB00C4CFAA /* PBXTargetDependency */ = {
			isa = PBXTargetDependency;
			target = B4E53F0B1B87FDCB00C4CFAA /* WordPressKit */;
			targetProxy = B4E53F291B87FDCB00C4CFAA /* PBXContainerItemProxy */;
		};
/* End PBXTargetDependency section */

/* Begin PBXVariantGroup section */
		B4E53F1C1B87FDCB00C4CFAA /* Main.storyboard */ = {
			isa = PBXVariantGroup;
			children = (
				B4E53F1D1B87FDCB00C4CFAA /* Base */,
			);
			name = Main.storyboard;
			path = .;
			sourceTree = "<group>";
		};
		B4E53F211B87FDCB00C4CFAA /* LaunchScreen.xib */ = {
			isa = PBXVariantGroup;
			children = (
				B4E53F221B87FDCB00C4CFAA /* Base */,
			);
			name = LaunchScreen.xib;
			path = .;
			sourceTree = "<group>";
		};
/* End PBXVariantGroup section */

/* Begin XCBuildConfiguration section */
		B4E53F301B87FDCB00C4CFAA /* Debug */ = {
			isa = XCBuildConfiguration;
			buildSettings = {
				ALWAYS_SEARCH_USER_PATHS = NO;
				CLANG_CXX_LANGUAGE_STANDARD = "gnu++0x";
				CLANG_CXX_LIBRARY = "libc++";
				CLANG_ENABLE_MODULES = YES;
				CLANG_ENABLE_OBJC_ARC = YES;
				CLANG_WARN_BOOL_CONVERSION = YES;
				CLANG_WARN_CONSTANT_CONVERSION = YES;
				CLANG_WARN_DIRECT_OBJC_ISA_USAGE = YES_ERROR;
				CLANG_WARN_EMPTY_BODY = YES;
				CLANG_WARN_ENUM_CONVERSION = YES;
				CLANG_WARN_INT_CONVERSION = YES;
				CLANG_WARN_OBJC_ROOT_CLASS = YES_ERROR;
				CLANG_WARN_UNREACHABLE_CODE = YES;
				CLANG_WARN__DUPLICATE_METHOD_MATCH = YES;
				"CODE_SIGN_IDENTITY[sdk=iphoneos*]" = "iPhone Developer";
				COPY_PHASE_STRIP = NO;
				DEBUG_INFORMATION_FORMAT = "dwarf-with-dsym";
				ENABLE_STRICT_OBJC_MSGSEND = YES;
				GCC_C_LANGUAGE_STANDARD = gnu99;
				GCC_DYNAMIC_NO_PIC = NO;
				GCC_NO_COMMON_BLOCKS = YES;
				GCC_OPTIMIZATION_LEVEL = 0;
				GCC_PREPROCESSOR_DEFINITIONS = (
					"DEBUG=1",
					"$(inherited)",
				);
				GCC_SYMBOLS_PRIVATE_EXTERN = NO;
				GCC_WARN_64_TO_32_BIT_CONVERSION = YES;
				GCC_WARN_ABOUT_RETURN_TYPE = YES_ERROR;
				GCC_WARN_UNDECLARED_SELECTOR = YES;
				GCC_WARN_UNINITIALIZED_AUTOS = YES_AGGRESSIVE;
				GCC_WARN_UNUSED_FUNCTION = YES;
				GCC_WARN_UNUSED_VARIABLE = YES;
				IPHONEOS_DEPLOYMENT_TARGET = 8.4;
				MTL_ENABLE_DEBUG_INFO = YES;
				ONLY_ACTIVE_ARCH = YES;
				SDKROOT = iphoneos;
				TARGETED_DEVICE_FAMILY = "1,2";
			};
			name = Debug;
		};
		B4E53F311B87FDCB00C4CFAA /* Release */ = {
			isa = XCBuildConfiguration;
			buildSettings = {
				ALWAYS_SEARCH_USER_PATHS = NO;
				CLANG_CXX_LANGUAGE_STANDARD = "gnu++0x";
				CLANG_CXX_LIBRARY = "libc++";
				CLANG_ENABLE_MODULES = YES;
				CLANG_ENABLE_OBJC_ARC = YES;
				CLANG_WARN_BOOL_CONVERSION = YES;
				CLANG_WARN_CONSTANT_CONVERSION = YES;
				CLANG_WARN_DIRECT_OBJC_ISA_USAGE = YES_ERROR;
				CLANG_WARN_EMPTY_BODY = YES;
				CLANG_WARN_ENUM_CONVERSION = YES;
				CLANG_WARN_INT_CONVERSION = YES;
				CLANG_WARN_OBJC_ROOT_CLASS = YES_ERROR;
				CLANG_WARN_UNREACHABLE_CODE = YES;
				CLANG_WARN__DUPLICATE_METHOD_MATCH = YES;
				"CODE_SIGN_IDENTITY[sdk=iphoneos*]" = "iPhone Developer";
				COPY_PHASE_STRIP = NO;
				DEBUG_INFORMATION_FORMAT = "dwarf-with-dsym";
				ENABLE_NS_ASSERTIONS = NO;
				ENABLE_STRICT_OBJC_MSGSEND = YES;
				GCC_C_LANGUAGE_STANDARD = gnu99;
				GCC_NO_COMMON_BLOCKS = YES;
				GCC_WARN_64_TO_32_BIT_CONVERSION = YES;
				GCC_WARN_ABOUT_RETURN_TYPE = YES_ERROR;
				GCC_WARN_UNDECLARED_SELECTOR = YES;
				GCC_WARN_UNINITIALIZED_AUTOS = YES_AGGRESSIVE;
				GCC_WARN_UNUSED_FUNCTION = YES;
				GCC_WARN_UNUSED_VARIABLE = YES;
				IPHONEOS_DEPLOYMENT_TARGET = 8.4;
				MTL_ENABLE_DEBUG_INFO = NO;
				SDKROOT = iphoneos;
				TARGETED_DEVICE_FAMILY = "1,2";
				VALIDATE_PRODUCT = YES;
			};
			name = Release;
		};
		B4E53F331B87FDCB00C4CFAA /* Debug */ = {
			isa = XCBuildConfiguration;
			baseConfigurationReference = 2201DCDA6069FDA7BD32C1F2 /* Pods.debug.xcconfig */;
			buildSettings = {
				ASSETCATALOG_COMPILER_APPICON_NAME = AppIcon;
				ASSETCATALOG_COMPILER_LAUNCHIMAGE_NAME = LaunchImage;
				INFOPLIST_FILE = "WordPressKit/Supporting Files/Info.plist";
				LD_RUNPATH_SEARCH_PATHS = "$(inherited) @executable_path/Frameworks";
				PRODUCT_NAME = "$(TARGET_NAME)";
				USER_HEADER_SEARCH_PATHS = "${SRCROOT}/**";
			};
			name = Debug;
		};
		B4E53F341B87FDCB00C4CFAA /* Release */ = {
			isa = XCBuildConfiguration;
			baseConfigurationReference = EEEC05FB07F931989DBD5D97 /* Pods.release.xcconfig */;
			buildSettings = {
				ASSETCATALOG_COMPILER_APPICON_NAME = AppIcon;
				ASSETCATALOG_COMPILER_LAUNCHIMAGE_NAME = LaunchImage;
				INFOPLIST_FILE = "WordPressKit/Supporting Files/Info.plist";
				LD_RUNPATH_SEARCH_PATHS = "$(inherited) @executable_path/Frameworks";
				PRODUCT_NAME = "$(TARGET_NAME)";
				USER_HEADER_SEARCH_PATHS = "${SRCROOT}/**";
			};
			name = Release;
		};
		B4E53F361B87FDCB00C4CFAA /* Debug */ = {
			isa = XCBuildConfiguration;
			buildSettings = {
				BUNDLE_LOADER = "$(TEST_HOST)";
				FRAMEWORK_SEARCH_PATHS = (
					"$(SDKROOT)/Developer/Library/Frameworks",
					"$(inherited)",
				);
				GCC_PREPROCESSOR_DEFINITIONS = (
					"DEBUG=1",
					"$(inherited)",
				);
				INFOPLIST_FILE = "WordPressKitTests/Supporting Files/Info.plist";
				LD_RUNPATH_SEARCH_PATHS = "$(inherited) @executable_path/Frameworks @loader_path/Frameworks";
				PRODUCT_NAME = "$(TARGET_NAME)";
				TEST_HOST = "$(BUILT_PRODUCTS_DIR)/WordPressKit.app/WordPressKit";
			};
			name = Debug;
		};
		B4E53F371B87FDCB00C4CFAA /* Release */ = {
			isa = XCBuildConfiguration;
			buildSettings = {
				BUNDLE_LOADER = "$(TEST_HOST)";
				FRAMEWORK_SEARCH_PATHS = (
					"$(SDKROOT)/Developer/Library/Frameworks",
					"$(inherited)",
				);
				INFOPLIST_FILE = "WordPressKitTests/Supporting Files/Info.plist";
				LD_RUNPATH_SEARCH_PATHS = "$(inherited) @executable_path/Frameworks @loader_path/Frameworks";
				PRODUCT_NAME = "$(TARGET_NAME)";
				TEST_HOST = "$(BUILT_PRODUCTS_DIR)/WordPressKit.app/WordPressKit";
			};
			name = Release;
		};
/* End XCBuildConfiguration section */

/* Begin XCConfigurationList section */
		B4E53F071B87FDCB00C4CFAA /* Build configuration list for PBXProject "wordpresskit" */ = {
			isa = XCConfigurationList;
			buildConfigurations = (
				B4E53F301B87FDCB00C4CFAA /* Debug */,
				B4E53F311B87FDCB00C4CFAA /* Release */,
			);
			defaultConfigurationIsVisible = 0;
			defaultConfigurationName = Release;
		};
		B4E53F321B87FDCB00C4CFAA /* Build configuration list for PBXNativeTarget "WordPressKit" */ = {
			isa = XCConfigurationList;
			buildConfigurations = (
				B4E53F331B87FDCB00C4CFAA /* Debug */,
				B4E53F341B87FDCB00C4CFAA /* Release */,
			);
			defaultConfigurationIsVisible = 0;
			defaultConfigurationName = Release;
		};
		B4E53F351B87FDCB00C4CFAA /* Build configuration list for PBXNativeTarget "WordPressKitTests" */ = {
			isa = XCConfigurationList;
			buildConfigurations = (
				B4E53F361B87FDCB00C4CFAA /* Debug */,
				B4E53F371B87FDCB00C4CFAA /* Release */,
			);
			defaultConfigurationIsVisible = 0;
			defaultConfigurationName = Release;
		};
/* End XCConfigurationList section */
	};
	rootObject = B4E53F041B87FDCB00C4CFAA /* Project object */;
}
