// !$*UTF8*$!
{
	archiveVersion = 1;
	classes = {
	};
	objectVersion = 46;
	objects = {

/* Begin PBXBuildFile section */
		872EA6B293FCE6631BE2C2E8 /* libPods.a in Frameworks */ = {isa = PBXBuildFile; fileRef = 18CF6DFA59734B2F271C3B17 /* libPods.a */; };
		B4012D051BD524700037C426 /* Comment.m in Sources */ = {isa = PBXBuildFile; fileRef = B4012D041BD524700037C426 /* Comment.m */; };
		B4012D081BD526210037C426 /* CommentData.m in Sources */ = {isa = PBXBuildFile; fileRef = B4012D071BD526210037C426 /* CommentData.m */; };
		B40213B91BC6BB8600E71E6B /* PostsListViewController.m in Sources */ = {isa = PBXBuildFile; fileRef = B40213B81BC6BB8600E71E6B /* PostsListViewController.m */; };
		B41049E21BA992BC00109B9B /* Blog.m in Sources */ = {isa = PBXBuildFile; fileRef = B41049E11BA992BC00109B9B /* Blog.m */; };
		B41049E61BA9AA7000109B9B /* Security.framework in Frameworks */ = {isa = PBXBuildFile; fileRef = B41049E51BA9AA7000109B9B /* Security.framework */; };
		B44B19DB1B9499B10028D41C /* SourceFile.m in Sources */ = {isa = PBXBuildFile; fileRef = B44B19DA1B9499B10028D41C /* SourceFile.m */; };
		B46004CE1B8CBB1000757221 /* FunctionsViewController.m in Sources */ = {isa = PBXBuildFile; fileRef = B46004CD1B8CBB1000757221 /* FunctionsViewController.m */; };
		B46004D11B8CBB3D00757221 /* CategoriesViewController.m in Sources */ = {isa = PBXBuildFile; fileRef = B46004D01B8CBB3D00757221 /* CategoriesViewController.m */; };
		B46004D41B8CBB5000757221 /* SourcefileViewController.m in Sources */ = {isa = PBXBuildFile; fileRef = B46004D31B8CBB5000757221 /* SourcefileViewController.m */; };
		B46004D71B8CBB5D00757221 /* ManagesiteViewController.m in Sources */ = {isa = PBXBuildFile; fileRef = B46004D61B8CBB5D00757221 /* ManagesiteViewController.m */; };
		B46004DA1B8CBB6900757221 /* AboutViewController.m in Sources */ = {isa = PBXBuildFile; fileRef = B46004D91B8CBB6900757221 /* AboutViewController.m */; };
		B46572111BB2CBCD00835972 /* Post.m in Sources */ = {isa = PBXBuildFile; fileRef = B46572101BB2CBCD00835972 /* Post.m */; };
		B46572231BB2DAF200835972 /* RemotePost.m in Sources */ = {isa = PBXBuildFile; fileRef = B46572221BB2DAF200835972 /* RemotePost.m */; };
		B465722D1BB2F32400835972 /* WPMapFilterReduce.m in Sources */ = {isa = PBXBuildFile; fileRef = B465722C1BB2F32400835972 /* WPMapFilterReduce.m */; };
		B46572301BB2F39B00835972 /* NSString+Util.m in Sources */ = {isa = PBXBuildFile; fileRef = B465722F1BB2F39B00835972 /* NSString+Util.m */; };
		B46572331BB2F68F00835972 /* DisplayableImageHelper.m in Sources */ = {isa = PBXBuildFile; fileRef = B46572321BB2F68F00835972 /* DisplayableImageHelper.m */; };
		B46572361BB2F79600835972 /* RemotePostCategory.m in Sources */ = {isa = PBXBuildFile; fileRef = B46572351BB2F79600835972 /* RemotePostCategory.m */; };
		B46572391BB2F87200835972 /* NSMutableDictionary+Helpers.m in Sources */ = {isa = PBXBuildFile; fileRef = B46572381BB2F87200835972 /* NSMutableDictionary+Helpers.m */; };
		B4A91A791BA7243900874D56 /* AddSiteViewController.m in Sources */ = {isa = PBXBuildFile; fileRef = B4A91A781BA7243900874D56 /* AddSiteViewController.m */; };
		B4C04FD51B9B256500A43AEA /* CatItem.m in Sources */ = {isa = PBXBuildFile; fileRef = B4C04FD41B9B256500A43AEA /* CatItem.m */; };
		B4DA700A1BB5723000F55F6C /* PostTextCell.xib in Resources */ = {isa = PBXBuildFile; fileRef = B4DA70081BB5723000F55F6C /* PostTextCell.xib */; };
		B4DA70121BB5907900F55F6C /* PostImageCell.xib in Resources */ = {isa = PBXBuildFile; fileRef = B4DA70111BB5907900F55F6C /* PostImageCell.xib */; };
		B4DA77B01BC0B8DB00B3E9D4 /* AboutTableViewController.m in Sources */ = {isa = PBXBuildFile; fileRef = B4DA77AF1BC0B8DB00B3E9D4 /* AboutTableViewController.m */; };
		B4DAD8861BBD613A0014A830 /* WordPress.bundle in Resources */ = {isa = PBXBuildFile; fileRef = B4DAD8851BBD613A0014A830 /* WordPress.bundle */; };
		B4DAE42E1BA4876700D51121 /* sourcefile.html in Resources */ = {isa = PBXBuildFile; fileRef = B4DAE42D1BA4876700D51121 /* sourcefile.html */; };
		B4DB405A1BC7C877009BD1A6 /* CAAnimation+Blocks.m in Sources */ = {isa = PBXBuildFile; fileRef = B4DB40531BC7C877009BD1A6 /* CAAnimation+Blocks.m */; };
		B4DB405B1BC7C877009BD1A6 /* SCBubbleRefreshView.m in Sources */ = {isa = PBXBuildFile; fileRef = B4DB40551BC7C877009BD1A6 /* SCBubbleRefreshView.m */; };
		B4DB405C1BC7C877009BD1A6 /* SCCircularRefreshView.m in Sources */ = {isa = PBXBuildFile; fileRef = B4DB40571BC7C877009BD1A6 /* SCCircularRefreshView.m */; };
		B4DB405D1BC7C877009BD1A6 /* SCPullRefreshViewController.m in Sources */ = {isa = PBXBuildFile; fileRef = B4DB40591BC7C877009BD1A6 /* SCPullRefreshViewController.m */; };
		B4DB40611BC7C8F7009BD1A6 /* DACircularProgressView.m in Sources */ = {isa = PBXBuildFile; fileRef = B4DB40601BC7C8F7009BD1A6 /* DACircularProgressView.m */; };
		B4DB40641BC817A5009BD1A6 /* NavBarTitleDropdownButton.m in Sources */ = {isa = PBXBuildFile; fileRef = B4DB40631BC817A5009BD1A6 /* NavBarTitleDropdownButton.m */; };
		B4DB43591BD111550023B227 /* post.html in Resources */ = {isa = PBXBuildFile; fileRef = B4DB43581BD111550023B227 /* post.html */; };
		B4DB62FC1BD25833007DF1D1 /* Accelerate.framework in Frameworks */ = {isa = PBXBuildFile; fileRef = B4DB62FB1BD25833007DF1D1 /* Accelerate.framework */; };
		B4DB62FE1BD2583E007DF1D1 /* AssetsLibrary.framework in Frameworks */ = {isa = PBXBuildFile; fileRef = B4DB62FD1BD2583E007DF1D1 /* AssetsLibrary.framework */; };
		B4DB62FF1BD25848007DF1D1 /* ImageIO.framework in Frameworks */ = {isa = PBXBuildFile; fileRef = B4DBDCE21BCC08B6005AF2EC /* ImageIO.framework */; };
		B4DB63011BD25852007DF1D1 /* MobileCoreServices.framework in Frameworks */ = {isa = PBXBuildFile; fileRef = B4DB63001BD25852007DF1D1 /* MobileCoreServices.framework */; };
		B4DB63021BD2585C007DF1D1 /* QuartzCore.framework in Frameworks */ = {isa = PBXBuildFile; fileRef = B4DBDCE01BCC08AA005AF2EC /* QuartzCore.framework */; };
		B4DB63041BD25864007DF1D1 /* CoreImage.framework in Frameworks */ = {isa = PBXBuildFile; fileRef = B4DB63031BD25864007DF1D1 /* CoreImage.framework */; };
		B4DB63071BD2AFB0007DF1D1 /* CustomPostsListViewController.m in Sources */ = {isa = PBXBuildFile; fileRef = B4DB63061BD2AFB0007DF1D1 /* CustomPostsListViewController.m */; };
		B4DB66311BAC3D4E00B625CC /* FuncItems.sqlite3 in Resources */ = {isa = PBXBuildFile; fileRef = B4DB66301BAC3D4E00B625CC /* FuncItems.sqlite3 */; };
		B4DB66331BAC3D7A00B625CC /* UserData.db in Resources */ = {isa = PBXBuildFile; fileRef = B4DB66321BAC3D7A00B625CC /* UserData.db */; };
		B4DB7D9C1BBF6C2300DC203A /* PostActionBarItem.m in Sources */ = {isa = PBXBuildFile; fileRef = B4DB7D9B1BBF6C2300DC203A /* PostActionBarItem.m */; };
		B4DB7D9F1BBF6EF000DC203A /* PostActionBar.m in Sources */ = {isa = PBXBuildFile; fileRef = B4DB7D9E1BBF6EF000DC203A /* PostActionBar.m */; };
		B4DB8A921BB4090200058147 /* PostControll.m in Sources */ = {isa = PBXBuildFile; fileRef = B4DB8A911BB4090200058147 /* PostControll.m */; };
		B4DBDCDB1BCC0887005AF2EC /* SystemConfiguration.framework in Frameworks */ = {isa = PBXBuildFile; fileRef = B4DBDCD51BCBF18B005AF2EC /* SystemConfiguration.framework */; };
		B4DC00421BC21B6C00B8F194 /* SiteSettingViewController.m in Sources */ = {isa = PBXBuildFile; fileRef = B4DC00411BC21B6C00B8F194 /* SiteSettingViewController.m */; };
		B4DD02EA1BB045F20066C8E5 /* PostCell.m in Sources */ = {isa = PBXBuildFile; fileRef = B4DD02E91BB045F20066C8E5 /* PostCell.m */; };
		B4DD044D1B8DD85500E2ACA3 /* FuncItemViewController.m in Sources */ = {isa = PBXBuildFile; fileRef = B4DD044C1B8DD85500E2ACA3 /* FuncItemViewController.m */; };
		B4DD04501B8DD88400E2ACA3 /* CatItemViewController.m in Sources */ = {isa = PBXBuildFile; fileRef = B4DD044F1B8DD88400E2ACA3 /* CatItemViewController.m */; };
		B4DD04531B8DD89500E2ACA3 /* FileItemViewController.m in Sources */ = {isa = PBXBuildFile; fileRef = B4DD04521B8DD89500E2ACA3 /* FileItemViewController.m */; };
		B4DD045E1B8E0F3600E2ACA3 /* FuncItem.m in Sources */ = {isa = PBXBuildFile; fileRef = B4DD045D1B8E0F3600E2ACA3 /* FuncItem.m */; };
		B4DDA85D1BCFDC75006A33B9 /* SinglePostViewController.m in Sources */ = {isa = PBXBuildFile; fileRef = B4DDA85C1BCFDC75006A33B9 /* SinglePostViewController.m */; };
		B4DEF97B1BCD1459001D78DE /* PagesListViewController.m in Sources */ = {isa = PBXBuildFile; fileRef = B4DEF97A1BCD1459001D78DE /* PagesListViewController.m */; };
		B4DEF9841BCD26E4001D78DE /* PageCell.m in Sources */ = {isa = PBXBuildFile; fileRef = B4DEF9831BCD26E4001D78DE /* PageCell.m */; };
		B4DEF9861BCD26F7001D78DE /* PageCell.xib in Resources */ = {isa = PBXBuildFile; fileRef = B4DEF9851BCD26F7001D78DE /* PageCell.xib */; };
		B4E0DD3C1BC93EBA0052519A /* PostStatusType.m in Sources */ = {isa = PBXBuildFile; fileRef = B4E0DD3B1BC93EBA0052519A /* PostStatusType.m */; };
		B4E0DD401BC95DF20052519A /* FiltersTableViewController.m in Sources */ = {isa = PBXBuildFile; fileRef = B4E0DD3F1BC95DF20052519A /* FiltersTableViewController.m */; };
		B4E0DF471BAE602D00289630 /* SiteToolsViewController.m in Sources */ = {isa = PBXBuildFile; fileRef = B4E0DF461BAE602D00289630 /* SiteToolsViewController.m */; };
		B4E0DF4A1BAEB0B000289630 /* WebBrowserController.m in Sources */ = {isa = PBXBuildFile; fileRef = B4E0DF491BAEB0B000289630 /* WebBrowserController.m */; };
		B4E149A01BA3FC8500C6CA20 /* CatFuncItemsViewController.m in Sources */ = {isa = PBXBuildFile; fileRef = B4E1499F1BA3FC8500C6CA20 /* CatFuncItemsViewController.m */; };
		B4E2BB9E1B8F32DE00B10CF2 /* DataModel.m in Sources */ = {isa = PBXBuildFile; fileRef = B4E2BB9D1B8F32DE00B10CF2 /* DataModel.m */; };
		B4E2BBA01B8F40B100B10CF2 /* libsqlite3.0.dylib in Frameworks */ = {isa = PBXBuildFile; fileRef = B4E2BB9F1B8F40B100B10CF2 /* libsqlite3.0.dylib */; };
		B4E45AD61BD65536002C34FB /* PostCommentsViewController.m in Sources */ = {isa = PBXBuildFile; fileRef = B4E45AD51BD65536002C34FB /* PostCommentsViewController.m */; };
		B4E45AD91BD67B5C002C34FB /* GravatarHelper.m in Sources */ = {isa = PBXBuildFile; fileRef = B4E45AD81BD67B5C002C34FB /* GravatarHelper.m */; };
		B4E53F121B87FDCB00C4CFAA /* main.m in Sources */ = {isa = PBXBuildFile; fileRef = B4E53F111B87FDCB00C4CFAA /* main.m */; };
		B4E53F151B87FDCB00C4CFAA /* AppDelegate.m in Sources */ = {isa = PBXBuildFile; fileRef = B4E53F141B87FDCB00C4CFAA /* AppDelegate.m */; };
		B4E53F1E1B87FDCB00C4CFAA /* Main.storyboard in Resources */ = {isa = PBXBuildFile; fileRef = B4E53F1C1B87FDCB00C4CFAA /* Main.storyboard */; };
		B4E53F201B87FDCB00C4CFAA /* Images.xcassets in Resources */ = {isa = PBXBuildFile; fileRef = B4E53F1F1B87FDCB00C4CFAA /* Images.xcassets */; };
		B4E53F231B87FDCB00C4CFAA /* LaunchScreen.xib in Resources */ = {isa = PBXBuildFile; fileRef = B4E53F211B87FDCB00C4CFAA /* LaunchScreen.xib */; };
		B4E53F2F1B87FDCB00C4CFAA /* WordPressKitTests.m in Sources */ = {isa = PBXBuildFile; fileRef = B4E53F2E1B87FDCB00C4CFAA /* WordPressKitTests.m */; };
/* End PBXBuildFile section */

/* Begin PBXContainerItemProxy section */
		B4E53F291B87FDCB00C4CFAA /* PBXContainerItemProxy */ = {
			isa = PBXContainerItemProxy;
			containerPortal = B4E53F041B87FDCB00C4CFAA /* Project object */;
			proxyType = 1;
			remoteGlobalIDString = B4E53F0B1B87FDCB00C4CFAA;
			remoteInfo = WordPressKit;
		};
/* End PBXContainerItemProxy section */

/* Begin PBXFileReference section */
		18CF6DFA59734B2F271C3B17 /* libPods.a */ = {isa = PBXFileReference; explicitFileType = archive.ar; includeInIndex = 0; path = libPods.a; sourceTree = BUILT_PRODUCTS_DIR; };
		2201DCDA6069FDA7BD32C1F2 /* Pods.debug.xcconfig */ = {isa = PBXFileReference; includeInIndex = 1; lastKnownFileType = text.xcconfig; name = Pods.debug.xcconfig; path = "Pods/Target Support Files/Pods/Pods.debug.xcconfig"; sourceTree = "<group>"; };
		B4012D031BD524700037C426 /* Comment.h */ = {isa = PBXFileReference; fileEncoding = 4; lastKnownFileType = sourcecode.c.h; path = Comment.h; sourceTree = "<group>"; };
		B4012D041BD524700037C426 /* Comment.m */ = {isa = PBXFileReference; fileEncoding = 4; lastKnownFileType = sourcecode.c.objc; path = Comment.m; sourceTree = "<group>"; };
		B4012D061BD526210037C426 /* CommentData.h */ = {isa = PBXFileReference; fileEncoding = 4; lastKnownFileType = sourcecode.c.h; name = CommentData.h; path = XmlRpc/CommentData.h; sourceTree = "<group>"; };
		B4012D071BD526210037C426 /* CommentData.m */ = {isa = PBXFileReference; fileEncoding = 4; lastKnownFileType = sourcecode.c.objc; name = CommentData.m; path = XmlRpc/CommentData.m; sourceTree = "<group>"; };
		B40213B71BC6BB8600E71E6B /* PostsListViewController.h */ = {isa = PBXFileReference; fileEncoding = 4; lastKnownFileType = sourcecode.c.h; path = PostsListViewController.h; sourceTree = "<group>"; };
		B40213B81BC6BB8600E71E6B /* PostsListViewController.m */ = {isa = PBXFileReference; fileEncoding = 4; lastKnownFileType = sourcecode.c.objc; path = PostsListViewController.m; sourceTree = "<group>"; };
		B40213C51BC6C84300E71E6B /* WordPressKit-Prefix.pch */ = {isa = PBXFileReference; fileEncoding = 4; lastKnownFileType = sourcecode.c.h; path = "WordPressKit-Prefix.pch"; sourceTree = "<group>"; };
		B41049E01BA992BC00109B9B /* Blog.h */ = {isa = PBXFileReference; fileEncoding = 4; lastKnownFileType = sourcecode.c.h; path = Blog.h; sourceTree = "<group>"; };
		B41049E11BA992BC00109B9B /* Blog.m */ = {isa = PBXFileReference; fileEncoding = 4; lastKnownFileType = sourcecode.c.objc; path = Blog.m; sourceTree = "<group>"; };
		B41049E51BA9AA7000109B9B /* Security.framework */ = {isa = PBXFileReference; lastKnownFileType = wrapper.framework; name = Security.framework; path = System/Library/Frameworks/Security.framework; sourceTree = SDKROOT; };
		B44B19D91B9499B10028D41C /* SourceFile.h */ = {isa = PBXFileReference; fileEncoding = 4; lastKnownFileType = sourcecode.c.h; path = SourceFile.h; sourceTree = "<group>"; };
		B44B19DA1B9499B10028D41C /* SourceFile.m */ = {isa = PBXFileReference; fileEncoding = 4; lastKnownFileType = sourcecode.c.objc; path = SourceFile.m; sourceTree = "<group>"; };
		B46004CC1B8CBB1000757221 /* FunctionsViewController.h */ = {isa = PBXFileReference; fileEncoding = 4; lastKnownFileType = sourcecode.c.h; path = FunctionsViewController.h; sourceTree = "<group>"; };
		B46004CD1B8CBB1000757221 /* FunctionsViewController.m */ = {isa = PBXFileReference; fileEncoding = 4; lastKnownFileType = sourcecode.c.objc; path = FunctionsViewController.m; sourceTree = "<group>"; };
		B46004CF1B8CBB3D00757221 /* CategoriesViewController.h */ = {isa = PBXFileReference; fileEncoding = 4; lastKnownFileType = sourcecode.c.h; path = CategoriesViewController.h; sourceTree = "<group>"; };
		B46004D01B8CBB3D00757221 /* CategoriesViewController.m */ = {isa = PBXFileReference; fileEncoding = 4; lastKnownFileType = sourcecode.c.objc; path = CategoriesViewController.m; sourceTree = "<group>"; };
		B46004D21B8CBB5000757221 /* SourcefileViewController.h */ = {isa = PBXFileReference; fileEncoding = 4; lastKnownFileType = sourcecode.c.h; path = SourcefileViewController.h; sourceTree = "<group>"; };
		B46004D31B8CBB5000757221 /* SourcefileViewController.m */ = {isa = PBXFileReference; fileEncoding = 4; lastKnownFileType = sourcecode.c.objc; path = SourcefileViewController.m; sourceTree = "<group>"; };
		B46004D51B8CBB5D00757221 /* ManagesiteViewController.h */ = {isa = PBXFileReference; fileEncoding = 4; lastKnownFileType = sourcecode.c.h; path = ManagesiteViewController.h; sourceTree = "<group>"; };
		B46004D61B8CBB5D00757221 /* ManagesiteViewController.m */ = {isa = PBXFileReference; fileEncoding = 4; lastKnownFileType = sourcecode.c.objc; path = ManagesiteViewController.m; sourceTree = "<group>"; };
		B46004D81B8CBB6900757221 /* AboutViewController.h */ = {isa = PBXFileReference; fileEncoding = 4; lastKnownFileType = sourcecode.c.h; path = AboutViewController.h; sourceTree = "<group>"; };
		B46004D91B8CBB6900757221 /* AboutViewController.m */ = {isa = PBXFileReference; fileEncoding = 4; lastKnownFileType = sourcecode.c.objc; path = AboutViewController.m; sourceTree = "<group>"; };
		B465720F1BB2CBCD00835972 /* Post.h */ = {isa = PBXFileReference; fileEncoding = 4; lastKnownFileType = sourcecode.c.h; path = Post.h; sourceTree = "<group>"; };
		B46572101BB2CBCD00835972 /* Post.m */ = {isa = PBXFileReference; fileEncoding = 4; lastKnownFileType = sourcecode.c.objc; path = Post.m; sourceTree = "<group>"; };
		B465721B1BB2D8F100835972 /* PostServiceRemote.h */ = {isa = PBXFileReference; fileEncoding = 4; lastKnownFileType = sourcecode.c.h; name = PostServiceRemote.h; path = XmlRpc/PostServiceRemote.h; sourceTree = "<group>"; };
		B465721E1BB2D9C000835972 /* ServiceRemoteXMLRPC.h */ = {isa = PBXFileReference; fileEncoding = 4; lastKnownFileType = sourcecode.c.h; name = ServiceRemoteXMLRPC.h; path = XmlRpc/ServiceRemoteXMLRPC.h; sourceTree = "<group>"; };
		B46572211BB2DAF200835972 /* RemotePost.h */ = {isa = PBXFileReference; fileEncoding = 4; lastKnownFileType = sourcecode.c.h; path = RemotePost.h; sourceTree = "<group>"; };
		B46572221BB2DAF200835972 /* RemotePost.m */ = {isa = PBXFileReference; fileEncoding = 4; lastKnownFileType = sourcecode.c.objc; path = RemotePost.m; sourceTree = "<group>"; };
		B465722B1BB2F32400835972 /* WPMapFilterReduce.h */ = {isa = PBXFileReference; fileEncoding = 4; lastKnownFileType = sourcecode.c.h; name = WPMapFilterReduce.h; path = ExternTool/WPMapFilterReduce.h; sourceTree = "<group>"; };
		B465722C1BB2F32400835972 /* WPMapFilterReduce.m */ = {isa = PBXFileReference; fileEncoding = 4; lastKnownFileType = sourcecode.c.objc; name = WPMapFilterReduce.m; path = ExternTool/WPMapFilterReduce.m; sourceTree = "<group>"; };
		B465722E1BB2F39B00835972 /* NSString+Util.h */ = {isa = PBXFileReference; fileEncoding = 4; lastKnownFileType = sourcecode.c.h; name = "NSString+Util.h"; path = "ExternTool/NSString+Util.h"; sourceTree = "<group>"; };
		B465722F1BB2F39B00835972 /* NSString+Util.m */ = {isa = PBXFileReference; fileEncoding = 4; lastKnownFileType = sourcecode.c.objc; name = "NSString+Util.m"; path = "ExternTool/NSString+Util.m"; sourceTree = "<group>"; };
		B46572311BB2F68F00835972 /* DisplayableImageHelper.h */ = {isa = PBXFileReference; fileEncoding = 4; lastKnownFileType = sourcecode.c.h; name = DisplayableImageHelper.h; path = XmlRpc/DisplayableImageHelper.h; sourceTree = "<group>"; };
		B46572321BB2F68F00835972 /* DisplayableImageHelper.m */ = {isa = PBXFileReference; fileEncoding = 4; lastKnownFileType = sourcecode.c.objc; name = DisplayableImageHelper.m; path = XmlRpc/DisplayableImageHelper.m; sourceTree = "<group>"; };
		B46572341BB2F79600835972 /* RemotePostCategory.h */ = {isa = PBXFileReference; fileEncoding = 4; lastKnownFileType = sourcecode.c.h; path = RemotePostCategory.h; sourceTree = "<group>"; };
		B46572351BB2F79600835972 /* RemotePostCategory.m */ = {isa = PBXFileReference; fileEncoding = 4; lastKnownFileType = sourcecode.c.objc; path = RemotePostCategory.m; sourceTree = "<group>"; };
		B46572371BB2F87200835972 /* NSMutableDictionary+Helpers.h */ = {isa = PBXFileReference; fileEncoding = 4; lastKnownFileType = sourcecode.c.h; name = "NSMutableDictionary+Helpers.h"; path = "ExternTool/NSMutableDictionary+Helpers.h"; sourceTree = "<group>"; };
		B46572381BB2F87200835972 /* NSMutableDictionary+Helpers.m */ = {isa = PBXFileReference; fileEncoding = 4; lastKnownFileType = sourcecode.c.objc; name = "NSMutableDictionary+Helpers.m"; path = "ExternTool/NSMutableDictionary+Helpers.m"; sourceTree = "<group>"; };
		B4A91A771BA7243900874D56 /* AddSiteViewController.h */ = {isa = PBXFileReference; fileEncoding = 4; lastKnownFileType = sourcecode.c.h; path = AddSiteViewController.h; sourceTree = "<group>"; };
		B4A91A781BA7243900874D56 /* AddSiteViewController.m */ = {isa = PBXFileReference; fileEncoding = 4; lastKnownFileType = sourcecode.c.objc; path = AddSiteViewController.m; sourceTree = "<group>"; };
		B4C04FD31B9B256500A43AEA /* CatItem.h */ = {isa = PBXFileReference; fileEncoding = 4; lastKnownFileType = sourcecode.c.h; path = CatItem.h; sourceTree = "<group>"; };
		B4C04FD41B9B256500A43AEA /* CatItem.m */ = {isa = PBXFileReference; fileEncoding = 4; lastKnownFileType = sourcecode.c.objc; path = CatItem.m; sourceTree = "<group>"; };
		B4DA70081BB5723000F55F6C /* PostTextCell.xib */ = {isa = PBXFileReference; fileEncoding = 4; lastKnownFileType = file.xib; path = PostTextCell.xib; sourceTree = "<group>"; };
		B4DA70111BB5907900F55F6C /* PostImageCell.xib */ = {isa = PBXFileReference; fileEncoding = 4; lastKnownFileType = file.xib; path = PostImageCell.xib; sourceTree = "<group>"; };
		B4DA77AE1BC0B8DB00B3E9D4 /* AboutTableViewController.h */ = {isa = PBXFileReference; fileEncoding = 4; lastKnownFileType = sourcecode.c.h; path = AboutTableViewController.h; sourceTree = "<group>"; };
		B4DA77AF1BC0B8DB00B3E9D4 /* AboutTableViewController.m */ = {isa = PBXFileReference; fileEncoding = 4; lastKnownFileType = sourcecode.c.objc; path = AboutTableViewController.m; sourceTree = "<group>"; };
		B4DAD8851BBD613A0014A830 /* WordPress.bundle */ = {isa = PBXFileReference; lastKnownFileType = "wrapper.plug-in"; path = WordPress.bundle; sourceTree = "<group>"; };
		B4DAE42D1BA4876700D51121 /* sourcefile.html */ = {isa = PBXFileReference; fileEncoding = 4; lastKnownFileType = text.html; path = sourcefile.html; sourceTree = "<group>"; };
		B4DB40521BC7C877009BD1A6 /* CAAnimation+Blocks.h */ = {isa = PBXFileReference; fileEncoding = 4; lastKnownFileType = sourcecode.c.h; path = "CAAnimation+Blocks.h"; sourceTree = "<group>"; };
		B4DB40531BC7C877009BD1A6 /* CAAnimation+Blocks.m */ = {isa = PBXFileReference; fileEncoding = 4; lastKnownFileType = sourcecode.c.objc; path = "CAAnimation+Blocks.m"; sourceTree = "<group>"; };
		B4DB40541BC7C877009BD1A6 /* SCBubbleRefreshView.h */ = {isa = PBXFileReference; fileEncoding = 4; lastKnownFileType = sourcecode.c.h; path = SCBubbleRefreshView.h; sourceTree = "<group>"; };
		B4DB40551BC7C877009BD1A6 /* SCBubbleRefreshView.m */ = {isa = PBXFileReference; fileEncoding = 4; lastKnownFileType = sourcecode.c.objc; path = SCBubbleRefreshView.m; sourceTree = "<group>"; };
		B4DB40561BC7C877009BD1A6 /* SCCircularRefreshView.h */ = {isa = PBXFileReference; fileEncoding = 4; lastKnownFileType = sourcecode.c.h; path = SCCircularRefreshView.h; sourceTree = "<group>"; };
		B4DB40571BC7C877009BD1A6 /* SCCircularRefreshView.m */ = {isa = PBXFileReference; fileEncoding = 4; lastKnownFileType = sourcecode.c.objc; path = SCCircularRefreshView.m; sourceTree = "<group>"; };
		B4DB40581BC7C877009BD1A6 /* SCPullRefreshViewController.h */ = {isa = PBXFileReference; fileEncoding = 4; lastKnownFileType = sourcecode.c.h; path = SCPullRefreshViewController.h; sourceTree = "<group>"; };
		B4DB40591BC7C877009BD1A6 /* SCPullRefreshViewController.m */ = {isa = PBXFileReference; fileEncoding = 4; lastKnownFileType = sourcecode.c.objc; path = SCPullRefreshViewController.m; sourceTree = "<group>"; };
		B4DB405F1BC7C8F7009BD1A6 /* DACircularProgressView.h */ = {isa = PBXFileReference; fileEncoding = 4; lastKnownFileType = sourcecode.c.h; path = DACircularProgressView.h; sourceTree = "<group>"; };
		B4DB40601BC7C8F7009BD1A6 /* DACircularProgressView.m */ = {isa = PBXFileReference; fileEncoding = 4; lastKnownFileType = sourcecode.c.objc; path = DACircularProgressView.m; sourceTree = "<group>"; };
		B4DB40621BC817A5009BD1A6 /* NavBarTitleDropdownButton.h */ = {isa = PBXFileReference; fileEncoding = 4; lastKnownFileType = sourcecode.c.h; path = NavBarTitleDropdownButton.h; sourceTree = "<group>"; };
		B4DB40631BC817A5009BD1A6 /* NavBarTitleDropdownButton.m */ = {isa = PBXFileReference; fileEncoding = 4; lastKnownFileType = sourcecode.c.objc; path = NavBarTitleDropdownButton.m; sourceTree = "<group>"; };
		B4DB43581BD111550023B227 /* post.html */ = {isa = PBXFileReference; fileEncoding = 4; lastKnownFileType = text.html; path = post.html; sourceTree = "<group>"; };
		B4DB62FB1BD25833007DF1D1 /* Accelerate.framework */ = {isa = PBXFileReference; lastKnownFileType = wrapper.framework; name = Accelerate.framework; path = System/Library/Frameworks/Accelerate.framework; sourceTree = SDKROOT; };
		B4DB62FD1BD2583E007DF1D1 /* AssetsLibrary.framework */ = {isa = PBXFileReference; lastKnownFileType = wrapper.framework; name = AssetsLibrary.framework; path = System/Library/Frameworks/AssetsLibrary.framework; sourceTree = SDKROOT; };
		B4DB63001BD25852007DF1D1 /* MobileCoreServices.framework */ = {isa = PBXFileReference; lastKnownFileType = wrapper.framework; name = MobileCoreServices.framework; path = System/Library/Frameworks/MobileCoreServices.framework; sourceTree = SDKROOT; };
		B4DB63031BD25864007DF1D1 /* CoreImage.framework */ = {isa = PBXFileReference; lastKnownFileType = wrapper.framework; name = CoreImage.framework; path = System/Library/Frameworks/CoreImage.framework; sourceTree = SDKROOT; };
		B4DB63051BD2AFB0007DF1D1 /* CustomPostsListViewController.h */ = {isa = PBXFileReference; fileEncoding = 4; lastKnownFileType = sourcecode.c.h; path = CustomPostsListViewController.h; sourceTree = "<group>"; };
		B4DB63061BD2AFB0007DF1D1 /* CustomPostsListViewController.m */ = {isa = PBXFileReference; fileEncoding = 4; lastKnownFileType = sourcecode.c.objc; path = CustomPostsListViewController.m; sourceTree = "<group>"; };
		B4DB66301BAC3D4E00B625CC /* FuncItems.sqlite3 */ = {isa = PBXFileReference; lastKnownFileType = file; path = FuncItems.sqlite3; sourceTree = "<group>"; };
		B4DB66321BAC3D7A00B625CC /* UserData.db */ = {isa = PBXFileReference; lastKnownFileType = file; path = UserData.db; sourceTree = "<group>"; };
		B4DB7D9A1BBF6C2300DC203A /* PostActionBarItem.h */ = {isa = PBXFileReference; fileEncoding = 4; lastKnownFileType = sourcecode.c.h; path = PostActionBarItem.h; sourceTree = "<group>"; };
		B4DB7D9B1BBF6C2300DC203A /* PostActionBarItem.m */ = {isa = PBXFileReference; fileEncoding = 4; lastKnownFileType = sourcecode.c.objc; path = PostActionBarItem.m; sourceTree = "<group>"; };
		B4DB7D9D1BBF6EF000DC203A /* PostActionBar.h */ = {isa = PBXFileReference; fileEncoding = 4; lastKnownFileType = sourcecode.c.h; path = PostActionBar.h; sourceTree = "<group>"; };
		B4DB7D9E1BBF6EF000DC203A /* PostActionBar.m */ = {isa = PBXFileReference; fileEncoding = 4; lastKnownFileType = sourcecode.c.objc; path = PostActionBar.m; sourceTree = "<group>"; };
		B4DB8A901BB4090200058147 /* PostControll.h */ = {isa = PBXFileReference; fileEncoding = 4; lastKnownFileType = sourcecode.c.h; name = PostControll.h; path = XmlRpc/PostControll.h; sourceTree = "<group>"; };
		B4DB8A911BB4090200058147 /* PostControll.m */ = {isa = PBXFileReference; fileEncoding = 4; lastKnownFileType = sourcecode.c.objc; name = PostControll.m; path = XmlRpc/PostControll.m; sourceTree = "<group>"; };
		B4DBDCD51BCBF18B005AF2EC /* SystemConfiguration.framework */ = {isa = PBXFileReference; lastKnownFileType = wrapper.framework; name = SystemConfiguration.framework; path = System/Library/Frameworks/SystemConfiguration.framework; sourceTree = SDKROOT; };
		B4DBDCD71BCBF4A4005AF2EC /* libz.dylib */ = {isa = PBXFileReference; lastKnownFileType = "compiled.mach-o.dylib"; name = libz.dylib; path = usr/lib/libz.dylib; sourceTree = SDKROOT; };
		B4DBDCD91BCBF4B2005AF2EC /* libc++.dylib */ = {isa = PBXFileReference; lastKnownFileType = "compiled.mach-o.dylib"; name = "libc++.dylib"; path = "usr/lib/libc++.dylib"; sourceTree = SDKROOT; };
		B4DBDCDC1BCC0891005AF2EC /* CoreGraphics.framework */ = {isa = PBXFileReference; lastKnownFileType = wrapper.framework; name = CoreGraphics.framework; path = System/Library/Frameworks/CoreGraphics.framework; sourceTree = SDKROOT; };
		B4DBDCDE1BCC08A2005AF2EC /* CoreTelephony.framework */ = {isa = PBXFileReference; lastKnownFileType = wrapper.framework; name = CoreTelephony.framework; path = System/Library/Frameworks/CoreTelephony.framework; sourceTree = SDKROOT; };
		B4DBDCE01BCC08AA005AF2EC /* QuartzCore.framework */ = {isa = PBXFileReference; lastKnownFileType = wrapper.framework; name = QuartzCore.framework; path = System/Library/Frameworks/QuartzCore.framework; sourceTree = SDKROOT; };
		B4DBDCE21BCC08B6005AF2EC /* ImageIO.framework */ = {isa = PBXFileReference; lastKnownFileType = wrapper.framework; name = ImageIO.framework; path = System/Library/Frameworks/ImageIO.framework; sourceTree = SDKROOT; };
		B4DBDCE41BCC08C3005AF2EC /* CoreText.framework */ = {isa = PBXFileReference; lastKnownFileType = wrapper.framework; name = CoreText.framework; path = System/Library/Frameworks/CoreText.framework; sourceTree = SDKROOT; };
		B4DBDCE81BCC090B005AF2EC /* libstdc++.dylib */ = {isa = PBXFileReference; lastKnownFileType = "compiled.mach-o.dylib"; name = "libstdc++.dylib"; path = "usr/lib/libstdc++.dylib"; sourceTree = SDKROOT; };
		B4DBDCEA1BCC0916005AF2EC /* libiconv.dylib */ = {isa = PBXFileReference; lastKnownFileType = "compiled.mach-o.dylib"; name = libiconv.dylib; path = usr/lib/libiconv.dylib; sourceTree = SDKROOT; };
		B4DC00401BC21B6C00B8F194 /* SiteSettingViewController.h */ = {isa = PBXFileReference; fileEncoding = 4; lastKnownFileType = sourcecode.c.h; path = SiteSettingViewController.h; sourceTree = "<group>"; };
		B4DC00411BC21B6C00B8F194 /* SiteSettingViewController.m */ = {isa = PBXFileReference; fileEncoding = 4; lastKnownFileType = sourcecode.c.objc; path = SiteSettingViewController.m; sourceTree = "<group>"; };
		B4DD02E81BB045F20066C8E5 /* PostCell.h */ = {isa = PBXFileReference; fileEncoding = 4; lastKnownFileType = sourcecode.c.h; path = PostCell.h; sourceTree = "<group>"; };
		B4DD02E91BB045F20066C8E5 /* PostCell.m */ = {isa = PBXFileReference; fileEncoding = 4; lastKnownFileType = sourcecode.c.objc; path = PostCell.m; sourceTree = "<group>"; };
		B4DD044B1B8DD85500E2ACA3 /* FuncItemViewController.h */ = {isa = PBXFileReference; fileEncoding = 4; lastKnownFileType = sourcecode.c.h; path = FuncItemViewController.h; sourceTree = "<group>"; };
		B4DD044C1B8DD85500E2ACA3 /* FuncItemViewController.m */ = {isa = PBXFileReference; fileEncoding = 4; lastKnownFileType = sourcecode.c.objc; path = FuncItemViewController.m; sourceTree = "<group>"; };
		B4DD044E1B8DD88400E2ACA3 /* CatItemViewController.h */ = {isa = PBXFileReference; fileEncoding = 4; lastKnownFileType = sourcecode.c.h; path = CatItemViewController.h; sourceTree = "<group>"; };
		B4DD044F1B8DD88400E2ACA3 /* CatItemViewController.m */ = {isa = PBXFileReference; fileEncoding = 4; lastKnownFileType = sourcecode.c.objc; path = CatItemViewController.m; sourceTree = "<group>"; };
		B4DD04511B8DD89500E2ACA3 /* FileItemViewController.h */ = {isa = PBXFileReference; fileEncoding = 4; lastKnownFileType = sourcecode.c.h; path = FileItemViewController.h; sourceTree = "<group>"; };
		B4DD04521B8DD89500E2ACA3 /* FileItemViewController.m */ = {isa = PBXFileReference; fileEncoding = 4; lastKnownFileType = sourcecode.c.objc; path = FileItemViewController.m; sourceTree = "<group>"; };
		B4DD045C1B8E0F3600E2ACA3 /* FuncItem.h */ = {isa = PBXFileReference; fileEncoding = 4; lastKnownFileType = sourcecode.c.h; path = FuncItem.h; sourceTree = "<group>"; };
		B4DD045D1B8E0F3600E2ACA3 /* FuncItem.m */ = {isa = PBXFileReference; fileEncoding = 4; lastKnownFileType = sourcecode.c.objc; path = FuncItem.m; sourceTree = "<group>"; };
		B4DDA85B1BCFDC75006A33B9 /* SinglePostViewController.h */ = {isa = PBXFileReference; fileEncoding = 4; lastKnownFileType = sourcecode.c.h; name = SinglePostViewController.h; path = SinglePost/SinglePostViewController.h; sourceTree = "<group>"; };
		B4DDA85C1BCFDC75006A33B9 /* SinglePostViewController.m */ = {isa = PBXFileReference; fileEncoding = 4; lastKnownFileType = sourcecode.c.objc; name = SinglePostViewController.m; path = SinglePost/SinglePostViewController.m; sourceTree = "<group>"; };
		B4DEF9791BCD1459001D78DE /* PagesListViewController.h */ = {isa = PBXFileReference; fileEncoding = 4; lastKnownFileType = sourcecode.c.h; path = PagesListViewController.h; sourceTree = "<group>"; };
		B4DEF97A1BCD1459001D78DE /* PagesListViewController.m */ = {isa = PBXFileReference; fileEncoding = 4; lastKnownFileType = sourcecode.c.objc; path = PagesListViewController.m; sourceTree = "<group>"; };
		B4DEF9821BCD26E4001D78DE /* PageCell.h */ = {isa = PBXFileReference; fileEncoding = 4; lastKnownFileType = sourcecode.c.h; path = PageCell.h; sourceTree = "<group>"; };
		B4DEF9831BCD26E4001D78DE /* PageCell.m */ = {isa = PBXFileReference; fileEncoding = 4; lastKnownFileType = sourcecode.c.objc; path = PageCell.m; sourceTree = "<group>"; };
		B4DEF9851BCD26F7001D78DE /* PageCell.xib */ = {isa = PBXFileReference; fileEncoding = 4; lastKnownFileType = file.xib; path = PageCell.xib; sourceTree = "<group>"; };
		B4E0DD3A1BC93EBA0052519A /* PostStatusType.h */ = {isa = PBXFileReference; fileEncoding = 4; lastKnownFileType = sourcecode.c.h; path = PostStatusType.h; sourceTree = "<group>"; };
		B4E0DD3B1BC93EBA0052519A /* PostStatusType.m */ = {isa = PBXFileReference; fileEncoding = 4; lastKnownFileType = sourcecode.c.objc; path = PostStatusType.m; sourceTree = "<group>"; };
		B4E0DD3E1BC95DF20052519A /* FiltersTableViewController.h */ = {isa = PBXFileReference; fileEncoding = 4; lastKnownFileType = sourcecode.c.h; path = FiltersTableViewController.h; sourceTree = "<group>"; };
		B4E0DD3F1BC95DF20052519A /* FiltersTableViewController.m */ = {isa = PBXFileReference; fileEncoding = 4; lastKnownFileType = sourcecode.c.objc; path = FiltersTableViewController.m; sourceTree = "<group>"; };
		B4E0DF451BAE602D00289630 /* SiteToolsViewController.h */ = {isa = PBXFileReference; fileEncoding = 4; lastKnownFileType = sourcecode.c.h; path = SiteToolsViewController.h; sourceTree = "<group>"; };
		B4E0DF461BAE602D00289630 /* SiteToolsViewController.m */ = {isa = PBXFileReference; fileEncoding = 4; lastKnownFileType = sourcecode.c.objc; path = SiteToolsViewController.m; sourceTree = "<group>"; };
		B4E0DF481BAEB0B000289630 /* WebBrowserController.h */ = {isa = PBXFileReference; fileEncoding = 4; lastKnownFileType = sourcecode.c.h; name = WebBrowserController.h; path = ToolKit/WebBrowserController.h; sourceTree = "<group>"; };
		B4E0DF491BAEB0B000289630 /* WebBrowserController.m */ = {isa = PBXFileReference; fileEncoding = 4; lastKnownFileType = sourcecode.c.objc; name = WebBrowserController.m; path = ToolKit/WebBrowserController.m; sourceTree = "<group>"; };
		B4E1499E1BA3FC8500C6CA20 /* CatFuncItemsViewController.h */ = {isa = PBXFileReference; fileEncoding = 4; lastKnownFileType = sourcecode.c.h; path = CatFuncItemsViewController.h; sourceTree = "<group>"; };
		B4E1499F1BA3FC8500C6CA20 /* CatFuncItemsViewController.m */ = {isa = PBXFileReference; fileEncoding = 4; lastKnownFileType = sourcecode.c.objc; path = CatFuncItemsViewController.m; sourceTree = "<group>"; };
		B4E2BB9C1B8F32DE00B10CF2 /* DataModel.h */ = {isa = PBXFileReference; fileEncoding = 4; lastKnownFileType = sourcecode.c.h; path = DataModel.h; sourceTree = "<group>"; };
		B4E2BB9D1B8F32DE00B10CF2 /* DataModel.m */ = {isa = PBXFileReference; fileEncoding = 4; lastKnownFileType = sourcecode.c.objc; path = DataModel.m; sourceTree = "<group>"; };
		B4E2BB9F1B8F40B100B10CF2 /* libsqlite3.0.dylib */ = {isa = PBXFileReference; lastKnownFileType = "compiled.mach-o.dylib"; name = libsqlite3.0.dylib; path = usr/lib/libsqlite3.0.dylib; sourceTree = SDKROOT; };
		B4E45AD41BD65536002C34FB /* PostCommentsViewController.h */ = {isa = PBXFileReference; fileEncoding = 4; lastKnownFileType = sourcecode.c.h; name = PostCommentsViewController.h; path = SinglePost/PostCommentsViewController.h; sourceTree = "<group>"; };
		B4E45AD51BD65536002C34FB /* PostCommentsViewController.m */ = {isa = PBXFileReference; fileEncoding = 4; lastKnownFileType = sourcecode.c.objc; name = PostCommentsViewController.m; path = SinglePost/PostCommentsViewController.m; sourceTree = "<group>"; };
		B4E45AD71BD67B5C002C34FB /* GravatarHelper.h */ = {isa = PBXFileReference; fileEncoding = 4; lastKnownFileType = sourcecode.c.h; path = GravatarHelper.h; sourceTree = "<group>"; };
		B4E45AD81BD67B5C002C34FB /* GravatarHelper.m */ = {isa = PBXFileReference; fileEncoding = 4; lastKnownFileType = sourcecode.c.objc; path = GravatarHelper.m; sourceTree = "<group>"; };
		B4E53F0C1B87FDCB00C4CFAA /* WordPressKit.app */ = {isa = PBXFileReference; explicitFileType = wrapper.application; includeInIndex = 0; path = WordPressKit.app; sourceTree = BUILT_PRODUCTS_DIR; };
		B4E53F101B87FDCB00C4CFAA /* Info.plist */ = {isa = PBXFileReference; lastKnownFileType = text.plist.xml; path = Info.plist; sourceTree = "<group>"; };
		B4E53F111B87FDCB00C4CFAA /* main.m */ = {isa = PBXFileReference; lastKnownFileType = sourcecode.c.objc; path = main.m; sourceTree = "<group>"; };
		B4E53F131B87FDCB00C4CFAA /* AppDelegate.h */ = {isa = PBXFileReference; lastKnownFileType = sourcecode.c.h; path = AppDelegate.h; sourceTree = "<group>"; };
		B4E53F141B87FDCB00C4CFAA /* AppDelegate.m */ = {isa = PBXFileReference; lastKnownFileType = sourcecode.c.objc; path = AppDelegate.m; sourceTree = "<group>"; };
		B4E53F1D1B87FDCB00C4CFAA /* Base */ = {isa = PBXFileReference; lastKnownFileType = file.storyboard; name = Base; path = Base.lproj/Main.storyboard; sourceTree = "<group>"; };
		B4E53F1F1B87FDCB00C4CFAA /* Images.xcassets */ = {isa = PBXFileReference; lastKnownFileType = folder.assetcatalog; path = Images.xcassets; sourceTree = "<group>"; };
		B4E53F221B87FDCB00C4CFAA /* Base */ = {isa = PBXFileReference; lastKnownFileType = file.xib; name = Base; path = Base.lproj/LaunchScreen.xib; sourceTree = "<group>"; };
		B4E53F281B87FDCB00C4CFAA /* WordPressKitTests.xctest */ = {isa = PBXFileReference; explicitFileType = wrapper.cfbundle; includeInIndex = 0; path = WordPressKitTests.xctest; sourceTree = BUILT_PRODUCTS_DIR; };
		B4E53F2D1B87FDCB00C4CFAA /* Info.plist */ = {isa = PBXFileReference; lastKnownFileType = text.plist.xml; path = Info.plist; sourceTree = "<group>"; };
		B4E53F2E1B87FDCB00C4CFAA /* WordPressKitTests.m */ = {isa = PBXFileReference; lastKnownFileType = sourcecode.c.objc; path = WordPressKitTests.m; sourceTree = "<group>"; };
		EEEC05FB07F931989DBD5D97 /* Pods.release.xcconfig */ = {isa = PBXFileReference; includeInIndex = 1; lastKnownFileType = text.xcconfig; name = Pods.release.xcconfig; path = "Pods/Target Support Files/Pods/Pods.release.xcconfig"; sourceTree = "<group>"; };
/* End PBXFileReference section */

/* Begin PBXFrameworksBuildPhase section */
		B4E53F091B87FDCB00C4CFAA /* Frameworks */ = {
			isa = PBXFrameworksBuildPhase;
			buildActionMask = 2147483647;
			files = (
				B4DB63041BD25864007DF1D1 /* CoreImage.framework in Frameworks */,
				B4DB63021BD2585C007DF1D1 /* QuartzCore.framework in Frameworks */,
				B4DB63011BD25852007DF1D1 /* MobileCoreServices.framework in Frameworks */,
				B4DB62FF1BD25848007DF1D1 /* ImageIO.framework in Frameworks */,
				B4DB62FE1BD2583E007DF1D1 /* AssetsLibrary.framework in Frameworks */,
				B4DB62FC1BD25833007DF1D1 /* Accelerate.framework in Frameworks */,
				B4DBDCDB1BCC0887005AF2EC /* SystemConfiguration.framework in Frameworks */,
				B41049E61BA9AA7000109B9B /* Security.framework in Frameworks */,
				B4E2BBA01B8F40B100B10CF2 /* libsqlite3.0.dylib in Frameworks */,
				872EA6B293FCE6631BE2C2E8 /* libPods.a in Frameworks */,
			);
			runOnlyForDeploymentPostprocessing = 0;
		};
		B4E53F251B87FDCB00C4CFAA /* Frameworks */ = {
			isa = PBXFrameworksBuildPhase;
			buildActionMask = 2147483647;
			files = (
			);
			runOnlyForDeploymentPostprocessing = 0;
		};
/* End PBXFrameworksBuildPhase section */

/* Begin PBXGroup section */
		4C441027CD5E2358E6F37960 /* Pods */ = {
			isa = PBXGroup;
			children = (
				2201DCDA6069FDA7BD32C1F2 /* Pods.debug.xcconfig */,
				EEEC05FB07F931989DBD5D97 /* Pods.release.xcconfig */,
			);
			name = Pods;
			sourceTree = "<group>";
		};
		B40213701BC6B92E00E71E6B /* Additions */ = {
			isa = PBXGroup;
			children = (
				B4DB40501BC7C877009BD1A6 /* SCPullRefresh */,
			);
			name = Additions;
			sourceTree = "<group>";
		};
		B46004DC1B8CBB9C00757221 /* Views */ = {
			isa = PBXGroup;
			children = (
				B4DD045B1B8DD91C00E2ACA3 /* About */,
				B4DD045A1B8DD91100E2ACA3 /* Categories */,
				B4DD04591B8DD90500E2ACA3 /* Functions */,
				B4DD04571B8DD8D900E2ACA3 /* ManageSite */,
				B4DD04581B8DD8ED00E2ACA3 /* SourceFile */,
				B4E0DF4B1BAEB0B600289630 /* ToolKit */,
			);
			path = Views;
			sourceTree = "<group>";
		};
		B46572191BB2D82200835972 /* XmlRpc */ = {
			isa = PBXGroup;
			children = (
				B465721B1BB2D8F100835972 /* PostServiceRemote.h */,
				B465721E1BB2D9C000835972 /* ServiceRemoteXMLRPC.h */,
				B46572311BB2F68F00835972 /* DisplayableImageHelper.h */,
				B46572321BB2F68F00835972 /* DisplayableImageHelper.m */,
				B4DB8A901BB4090200058147 /* PostControll.h */,
				B4DB8A911BB4090200058147 /* PostControll.m */,
				B4012D061BD526210037C426 /* CommentData.h */,
				B4012D071BD526210037C426 /* CommentData.m */,
			);
			name = XmlRpc;
			sourceTree = "<group>";
		};
		B465722A1BB2F25F00835972 /* ExternTool */ = {
			isa = PBXGroup;
			children = (
				B465722B1BB2F32400835972 /* WPMapFilterReduce.h */,
				B465722C1BB2F32400835972 /* WPMapFilterReduce.m */,
				B465722E1BB2F39B00835972 /* NSString+Util.h */,
				B465722F1BB2F39B00835972 /* NSString+Util.m */,
				B46572371BB2F87200835972 /* NSMutableDictionary+Helpers.h */,
				B46572381BB2F87200835972 /* NSMutableDictionary+Helpers.m */,
				B4E45AD71BD67B5C002C34FB /* GravatarHelper.h */,
				B4E45AD81BD67B5C002C34FB /* GravatarHelper.m */,
			);
			name = ExternTool;
			sourceTree = "<group>";
		};
		B4DB40501BC7C877009BD1A6 /* SCPullRefresh */ = {
			isa = PBXGroup;
			children = (
				B4DB405E1BC7C8F7009BD1A6 /* DACircularProgress */,
				B4DB40511BC7C877009BD1A6 /* CAAnimationBlocks */,
				B4DB40541BC7C877009BD1A6 /* SCBubbleRefreshView.h */,
				B4DB40551BC7C877009BD1A6 /* SCBubbleRefreshView.m */,
				B4DB40561BC7C877009BD1A6 /* SCCircularRefreshView.h */,
				B4DB40571BC7C877009BD1A6 /* SCCircularRefreshView.m */,
				B4DB40581BC7C877009BD1A6 /* SCPullRefreshViewController.h */,
				B4DB40591BC7C877009BD1A6 /* SCPullRefreshViewController.m */,
			);
			name = SCPullRefresh;
			path = Additions/SCPullRefresh;
			sourceTree = "<group>";
		};
		B4DB40511BC7C877009BD1A6 /* CAAnimationBlocks */ = {
			isa = PBXGroup;
			children = (
				B4DB40521BC7C877009BD1A6 /* CAAnimation+Blocks.h */,
				B4DB40531BC7C877009BD1A6 /* CAAnimation+Blocks.m */,
			);
			path = CAAnimationBlocks;
			sourceTree = "<group>";
		};
		B4DB405E1BC7C8F7009BD1A6 /* DACircularProgress */ = {
			isa = PBXGroup;
			children = (
				B4DB405F1BC7C8F7009BD1A6 /* DACircularProgressView.h */,
				B4DB40601BC7C8F7009BD1A6 /* DACircularProgressView.m */,
			);
			path = DACircularProgress;
			sourceTree = "<group>";
		};
		B4DD04571B8DD8D900E2ACA3 /* ManageSite */ = {
			isa = PBXGroup;
			children = (
				B4A91A771BA7243900874D56 /* AddSiteViewController.h */,
				B4A91A781BA7243900874D56 /* AddSiteViewController.m */,
				B46004D51B8CBB5D00757221 /* ManagesiteViewController.h */,
				B46004D61B8CBB5D00757221 /* ManagesiteViewController.m */,
				B4E0DF451BAE602D00289630 /* SiteToolsViewController.h */,
				B4E0DF461BAE602D00289630 /* SiteToolsViewController.m */,
				B4E0DD391BC93D8A0052519A /* PostCell */,
				B4DEF9811BCD264F001D78DE /* PageCell */,
				B4E0DD411BC95E020052519A /* Filters */,
				B4DC00401BC21B6C00B8F194 /* SiteSettingViewController.h */,
				B4DC00411BC21B6C00B8F194 /* SiteSettingViewController.m */,
				B40213B71BC6BB8600E71E6B /* PostsListViewController.h */,
				B40213B81BC6BB8600E71E6B /* PostsListViewController.m */,
				B4DEF9791BCD1459001D78DE /* PagesListViewController.h */,
				B4DEF97A1BCD1459001D78DE /* PagesListViewController.m */,
				B4DB63051BD2AFB0007DF1D1 /* CustomPostsListViewController.h */,
				B4DB63061BD2AFB0007DF1D1 /* CustomPostsListViewController.m */,
				B4DDA85E1BCFDC7B006A33B9 /* SinglePost */,
			);
			path = ManageSite;
			sourceTree = "<group>";
		};
		B4DD04581B8DD8ED00E2ACA3 /* SourceFile */ = {
			isa = PBXGroup;
			children = (
				B4DD04511B8DD89500E2ACA3 /* FileItemViewController.h */,
				B4DD04521B8DD89500E2ACA3 /* FileItemViewController.m */,
				B46004D21B8CBB5000757221 /* SourcefileViewController.h */,
				B46004D31B8CBB5000757221 /* SourcefileViewController.m */,
			);
			path = SourceFile;
			sourceTree = "<group>";
		};
		B4DD04591B8DD90500E2ACA3 /* Functions */ = {
			isa = PBXGroup;
			children = (
				B4DD044B1B8DD85500E2ACA3 /* FuncItemViewController.h */,
				B4DD044C1B8DD85500E2ACA3 /* FuncItemViewController.m */,
				B46004CC1B8CBB1000757221 /* FunctionsViewController.h */,
				B46004CD1B8CBB1000757221 /* FunctionsViewController.m */,
			);
			path = Functions;
			sourceTree = "<group>";
		};
		B4DD045A1B8DD91100E2ACA3 /* Categories */ = {
			isa = PBXGroup;
			children = (
				B4E1499E1BA3FC8500C6CA20 /* CatFuncItemsViewController.h */,
				B4E1499F1BA3FC8500C6CA20 /* CatFuncItemsViewController.m */,
				B4DD044E1B8DD88400E2ACA3 /* CatItemViewController.h */,
				B4DD044F1B8DD88400E2ACA3 /* CatItemViewController.m */,
				B46004CF1B8CBB3D00757221 /* CategoriesViewController.h */,
				B46004D01B8CBB3D00757221 /* CategoriesViewController.m */,
			);
			path = Categories;
			sourceTree = "<group>";
		};
		B4DD045B1B8DD91C00E2ACA3 /* About */ = {
			isa = PBXGroup;
			children = (
				B46004D81B8CBB6900757221 /* AboutViewController.h */,
				B46004D91B8CBB6900757221 /* AboutViewController.m */,
				B4DA77AE1BC0B8DB00B3E9D4 /* AboutTableViewController.h */,
				B4DA77AF1BC0B8DB00B3E9D4 /* AboutTableViewController.m */,
			);
			path = About;
			sourceTree = "<group>";
		};
		B4DD045F1B8E0F3B00E2ACA3 /* Model */ = {
			isa = PBXGroup;
			children = (
				B46572191BB2D82200835972 /* XmlRpc */,
				B41049E01BA992BC00109B9B /* Blog.h */,
				B41049E11BA992BC00109B9B /* Blog.m */,
				B4C04FD31B9B256500A43AEA /* CatItem.h */,
				B4C04FD41B9B256500A43AEA /* CatItem.m */,
				B4E2BB9C1B8F32DE00B10CF2 /* DataModel.h */,
				B4012D031BD524700037C426 /* Comment.h */,
				B4012D041BD524700037C426 /* Comment.m */,
				B4E2BB9D1B8F32DE00B10CF2 /* DataModel.m */,
				B4DD045C1B8E0F3600E2ACA3 /* FuncItem.h */,
				B4DD045D1B8E0F3600E2ACA3 /* FuncItem.m */,
				B44B19D91B9499B10028D41C /* SourceFile.h */,
				B44B19DA1B9499B10028D41C /* SourceFile.m */,
				B465720F1BB2CBCD00835972 /* Post.h */,
				B46572101BB2CBCD00835972 /* Post.m */,
				B46572211BB2DAF200835972 /* RemotePost.h */,
				B46572221BB2DAF200835972 /* RemotePost.m */,
				B46572341BB2F79600835972 /* RemotePostCategory.h */,
				B46572351BB2F79600835972 /* RemotePostCategory.m */,
			);
			path = Model;
			sourceTree = "<group>";
		};
		B4DDA85E1BCFDC7B006A33B9 /* SinglePost */ = {
			isa = PBXGroup;
			children = (
				B4DDA85B1BCFDC75006A33B9 /* SinglePostViewController.h */,
				B4DDA85C1BCFDC75006A33B9 /* SinglePostViewController.m */,
				B4E45AD41BD65536002C34FB /* PostCommentsViewController.h */,
				B4E45AD51BD65536002C34FB /* PostCommentsViewController.m */,
			);
			name = SinglePost;
			sourceTree = "<group>";
		};
		B4DEF9811BCD264F001D78DE /* PageCell */ = {
			isa = PBXGroup;
			children = (
				B4DEF9821BCD26E4001D78DE /* PageCell.h */,
				B4DEF9851BCD26F7001D78DE /* PageCell.xib */,
				B4DEF9831BCD26E4001D78DE /* PageCell.m */,
			);
			name = PageCell;
			sourceTree = "<group>";
		};
		B4E0DD391BC93D8A0052519A /* PostCell */ = {
			isa = PBXGroup;
			children = (
				B4DD02E81BB045F20066C8E5 /* PostCell.h */,
				B4DD02E91BB045F20066C8E5 /* PostCell.m */,
				B4DA70081BB5723000F55F6C /* PostTextCell.xib */,
				B4DA70111BB5907900F55F6C /* PostImageCell.xib */,
				B4DB7D9A1BBF6C2300DC203A /* PostActionBarItem.h */,
				B4DB7D9B1BBF6C2300DC203A /* PostActionBarItem.m */,
				B4DB7D9D1BBF6EF000DC203A /* PostActionBar.h */,
				B4DB7D9E1BBF6EF000DC203A /* PostActionBar.m */,
			);
			name = PostCell;
			sourceTree = "<group>";
		};
		B4E0DD411BC95E020052519A /* Filters */ = {
			isa = PBXGroup;
			children = (
				B4DB40621BC817A5009BD1A6 /* NavBarTitleDropdownButton.h */,
				B4DB40631BC817A5009BD1A6 /* NavBarTitleDropdownButton.m */,
				B4E0DD3E1BC95DF20052519A /* FiltersTableViewController.h */,
				B4E0DD3F1BC95DF20052519A /* FiltersTableViewController.m */,
				B4E0DD3A1BC93EBA0052519A /* PostStatusType.h */,
				B4E0DD3B1BC93EBA0052519A /* PostStatusType.m */,
			);
			name = Filters;
			sourceTree = "<group>";
		};
		B4E0DF4B1BAEB0B600289630 /* ToolKit */ = {
			isa = PBXGroup;
			children = (
				B4E0DF481BAEB0B000289630 /* WebBrowserController.h */,
				B4E0DF491BAEB0B000289630 /* WebBrowserController.m */,
			);
			name = ToolKit;
			sourceTree = "<group>";
		};
		B4E53F031B87FDCB00C4CFAA = {
			isa = PBXGroup;
			children = (
				B622458F32FA8E0D941839DB /* Frameworks */,
				4C441027CD5E2358E6F37960 /* Pods */,
				B4E53F0D1B87FDCB00C4CFAA /* Products */,
				B4E53F0E1B87FDCB00C4CFAA /* WordPressKit */,
				B4E53F2B1B87FDCB00C4CFAA /* WordPressKitTests */,
			);
			sourceTree = "<group>";
		};
		B4E53F0D1B87FDCB00C4CFAA /* Products */ = {
			isa = PBXGroup;
			children = (
				B4E53F0C1B87FDCB00C4CFAA /* WordPressKit.app */,
				B4E53F281B87FDCB00C4CFAA /* WordPressKitTests.xctest */,
			);
			name = Products;
			sourceTree = "<group>";
		};
		B4E53F0E1B87FDCB00C4CFAA /* WordPressKit */ = {
			isa = PBXGroup;
			children = (
				B40213701BC6B92E00E71E6B /* Additions */,
				B4E53F0F1B87FDCB00C4CFAA /* Supporting Files */,
				B465722A1BB2F25F00835972 /* ExternTool */,
				B4DD045F1B8E0F3B00E2ACA3 /* Model */,
				B46004DC1B8CBB9C00757221 /* Views */,
				B4E53F131B87FDCB00C4CFAA /* AppDelegate.h */,
				B4E53F141B87FDCB00C4CFAA /* AppDelegate.m */,
				B4E53F1F1B87FDCB00C4CFAA /* Images.xcassets */,
				B4E53F211B87FDCB00C4CFAA /* LaunchScreen.xib */,
				B4E53F1C1B87FDCB00C4CFAA /* Main.storyboard */,
				B40213C51BC6C84300E71E6B /* WordPressKit-Prefix.pch */,
			);
			path = WordPressKit;
			sourceTree = "<group>";
		};
		B4E53F0F1B87FDCB00C4CFAA /* Supporting Files */ = {
			isa = PBXGroup;
			children = (
				B4DB66301BAC3D4E00B625CC /* FuncItems.sqlite3 */,
				B4E53F101B87FDCB00C4CFAA /* Info.plist */,
				B4DB66321BAC3D7A00B625CC /* UserData.db */,
				B4E53F111B87FDCB00C4CFAA /* main.m */,
				B4DB43581BD111550023B227 /* post.html */,
				B4DAE42D1BA4876700D51121 /* sourcefile.html */,
				B4DAD8851BBD613A0014A830 /* WordPress.bundle */,
			);
			path = "Supporting Files";
			sourceTree = "<group>";
		};
		B4E53F2B1B87FDCB00C4CFAA /* WordPressKitTests */ = {
			isa = PBXGroup;
			children = (
				B4E53F2C1B87FDCB00C4CFAA /* Supporting Files */,
				B4E53F2E1B87FDCB00C4CFAA /* WordPressKitTests.m */,
			);
			path = WordPressKitTests;
			sourceTree = "<group>";
		};
		B4E53F2C1B87FDCB00C4CFAA /* Supporting Files */ = {
			isa = PBXGroup;
			children = (
				B4E53F2D1B87FDCB00C4CFAA /* Info.plist */,
			);
			path = "Supporting Files";
			sourceTree = "<group>";
		};
		B622458F32FA8E0D941839DB /* Frameworks */ = {
			isa = PBXGroup;
			children = (
				B4DB63031BD25864007DF1D1 /* CoreImage.framework */,
				B4DB63001BD25852007DF1D1 /* MobileCoreServices.framework */,
				B4DB62FD1BD2583E007DF1D1 /* AssetsLibrary.framework */,
				B4DB62FB1BD25833007DF1D1 /* Accelerate.framework */,
				B4DBDCEA1BCC0916005AF2EC /* libiconv.dylib */,
				B4DBDCE81BCC090B005AF2EC /* libstdc++.dylib */,
				B4DBDCE41BCC08C3005AF2EC /* CoreText.framework */,
				B4DBDCE21BCC08B6005AF2EC /* ImageIO.framework */,
				B4DBDCE01BCC08AA005AF2EC /* QuartzCore.framework */,
				B4DBDCDE1BCC08A2005AF2EC /* CoreTelephony.framework */,
				B4DBDCDC1BCC0891005AF2EC /* CoreGraphics.framework */,
				B4DBDCD91BCBF4B2005AF2EC /* libc++.dylib */,
				B4DBDCD71BCBF4A4005AF2EC /* libz.dylib */,
				B4DBDCD51BCBF18B005AF2EC /* SystemConfiguration.framework */,
				B41049E51BA9AA7000109B9B /* Security.framework */,
				B4E2BB9F1B8F40B100B10CF2 /* libsqlite3.0.dylib */,
				18CF6DFA59734B2F271C3B17 /* libPods.a */,
			);
			name = Frameworks;
			sourceTree = "<group>";
		};
/* End PBXGroup section */

/* Begin PBXNativeTarget section */
		B4E53F0B1B87FDCB00C4CFAA /* WordPressKit */ = {
			isa = PBXNativeTarget;
			buildConfigurationList = B4E53F321B87FDCB00C4CFAA /* Build configuration list for PBXNativeTarget "WordPressKit" */;
			buildPhases = (
				20846F54BF389EA59C645796 /* Check Pods Manifest.lock */,
				B4E53F081B87FDCB00C4CFAA /* Sources */,
				B4E53F091B87FDCB00C4CFAA /* Frameworks */,
				B4E53F0A1B87FDCB00C4CFAA /* Resources */,
				CCF9E8702D2AB3D89A5077C8 /* Copy Pods Resources */,
				E16B91F22AE7A717615CC790 /* Embed Pods Frameworks */,
			);
			buildRules = (
			);
			dependencies = (
			);
			name = WordPressKit;
			productName = WordPressKit;
			productReference = B4E53F0C1B87FDCB00C4CFAA /* WordPressKit.app */;
			productType = "com.apple.product-type.application";
		};
		B4E53F271B87FDCB00C4CFAA /* WordPressKitTests */ = {
			isa = PBXNativeTarget;
			buildConfigurationList = B4E53F351B87FDCB00C4CFAA /* Build configuration list for PBXNativeTarget "WordPressKitTests" */;
			buildPhases = (
				B4E53F241B87FDCB00C4CFAA /* Sources */,
				B4E53F251B87FDCB00C4CFAA /* Frameworks */,
				B4E53F261B87FDCB00C4CFAA /* Resources */,
			);
			buildRules = (
			);
			dependencies = (
				B4E53F2A1B87FDCB00C4CFAA /* PBXTargetDependency */,
			);
			name = WordPressKitTests;
			productName = WordPressKitTests;
			productReference = B4E53F281B87FDCB00C4CFAA /* WordPressKitTests.xctest */;
			productType = "com.apple.product-type.bundle.unit-test";
		};
/* End PBXNativeTarget section */

/* Begin PBXProject section */
		B4E53F041B87FDCB00C4CFAA /* Project object */ = {
			isa = PBXProject;
			attributes = {
				LastUpgradeCheck = 0640;
				ORGANIZATIONNAME = wuxueqian;
				TargetAttributes = {
					B4E53F0B1B87FDCB00C4CFAA = {
						CreatedOnToolsVersion = 6.4;
					};
					B4E53F271B87FDCB00C4CFAA = {
						CreatedOnToolsVersion = 6.4;
						TestTargetID = B4E53F0B1B87FDCB00C4CFAA;
					};
				};
			};
			buildConfigurationList = B4E53F071B87FDCB00C4CFAA /* Build configuration list for PBXProject "WordPressKit" */;
			compatibilityVersion = "Xcode 3.2";
			developmentRegion = English;
			hasScannedForEncodings = 0;
			knownRegions = (
				en,
				Base,
				"zh-Hans",
			);
			mainGroup = B4E53F031B87FDCB00C4CFAA;
			productRefGroup = B4E53F0D1B87FDCB00C4CFAA /* Products */;
			projectDirPath = "";
			projectRoot = "";
			targets = (
				B4E53F0B1B87FDCB00C4CFAA /* WordPressKit */,
				B4E53F271B87FDCB00C4CFAA /* WordPressKitTests */,
			);
		};
/* End PBXProject section */

/* Begin PBXResourcesBuildPhase section */
		B4E53F0A1B87FDCB00C4CFAA /* Resources */ = {
			isa = PBXResourcesBuildPhase;
			buildActionMask = 2147483647;
			files = (
				B4E53F1E1B87FDCB00C4CFAA /* Main.storyboard in Resources */,
				B4DB66311BAC3D4E00B625CC /* FuncItems.sqlite3 in Resources */,
				B4DB66331BAC3D7A00B625CC /* UserData.db in Resources */,
				B4DAD8861BBD613A0014A830 /* WordPress.bundle in Resources */,
				B4DEF9861BCD26F7001D78DE /* PageCell.xib in Resources */,
				B4DA70121BB5907900F55F6C /* PostImageCell.xib in Resources */,
				B4DB43591BD111550023B227 /* post.html in Resources */,
				B4E53F231B87FDCB00C4CFAA /* LaunchScreen.xib in Resources */,
				B4DA700A1BB5723000F55F6C /* PostTextCell.xib in Resources */,
				B4DAE42E1BA4876700D51121 /* sourcefile.html in Resources */,
				B4E53F201B87FDCB00C4CFAA /* Images.xcassets in Resources */,
			);
			runOnlyForDeploymentPostprocessing = 0;
		};
		B4E53F261B87FDCB00C4CFAA /* Resources */ = {
			isa = PBXResourcesBuildPhase;
			buildActionMask = 2147483647;
			files = (
			);
			runOnlyForDeploymentPostprocessing = 0;
		};
/* End PBXResourcesBuildPhase section */

/* Begin PBXShellScriptBuildPhase section */
		20846F54BF389EA59C645796 /* Check Pods Manifest.lock */ = {
			isa = PBXShellScriptBuildPhase;
			buildActionMask = 2147483647;
			files = (
			);
			inputPaths = (
			);
			name = "Check Pods Manifest.lock";
			outputPaths = (
			);
			runOnlyForDeploymentPostprocessing = 0;
			shellPath = /bin/sh;
			shellScript = "diff \"${PODS_ROOT}/../Podfile.lock\" \"${PODS_ROOT}/Manifest.lock\" > /dev/null\nif [[ $? != 0 ]] ; then\n    cat << EOM\nerror: The sandbox is not in sync with the Podfile.lock. Run 'pod install' or update your CocoaPods installation.\nEOM\n    exit 1\nfi\n";
			showEnvVarsInLog = 0;
		};
		CCF9E8702D2AB3D89A5077C8 /* Copy Pods Resources */ = {
			isa = PBXShellScriptBuildPhase;
			buildActionMask = 2147483647;
			files = (
			);
			inputPaths = (
			);
			name = "Copy Pods Resources";
			outputPaths = (
			);
			runOnlyForDeploymentPostprocessing = 0;
			shellPath = /bin/sh;
			shellScript = "\"${SRCROOT}/Pods/Target Support Files/Pods/Pods-resources.sh\"\n";
			showEnvVarsInLog = 0;
		};
		E16B91F22AE7A717615CC790 /* Embed Pods Frameworks */ = {
			isa = PBXShellScriptBuildPhase;
			buildActionMask = 2147483647;
			files = (
			);
			inputPaths = (
			);
			name = "Embed Pods Frameworks";
			outputPaths = (
			);
			runOnlyForDeploymentPostprocessing = 0;
			shellPath = /bin/sh;
			shellScript = "\"${SRCROOT}/Pods/Target Support Files/Pods/Pods-frameworks.sh\"\n";
			showEnvVarsInLog = 0;
		};
/* End PBXShellScriptBuildPhase section */

/* Begin PBXSourcesBuildPhase section */
		B4E53F081B87FDCB00C4CFAA /* Sources */ = {
			isa = PBXSourcesBuildPhase;
			buildActionMask = 2147483647;
			files = (
				B4DB7D9C1BBF6C2300DC203A /* PostActionBarItem.m in Sources */,
				B4DB405A1BC7C877009BD1A6 /* CAAnimation+Blocks.m in Sources */,
				B4E2BB9E1B8F32DE00B10CF2 /* DataModel.m in Sources */,
				B465722D1BB2F32400835972 /* WPMapFilterReduce.m in Sources */,
				B4012D081BD526210037C426 /* CommentData.m in Sources */,
				B46572391BB2F87200835972 /* NSMutableDictionary+Helpers.m in Sources */,
				B46572231BB2DAF200835972 /* RemotePost.m in Sources */,
				B46572361BB2F79600835972 /* RemotePostCategory.m in Sources */,
				B4DEF97B1BCD1459001D78DE /* PagesListViewController.m in Sources */,
				B4DD045E1B8E0F3600E2ACA3 /* FuncItem.m in Sources */,
				B4DB8A921BB4090200058147 /* PostControll.m in Sources */,
				B46004D41B8CBB5000757221 /* SourcefileViewController.m in Sources */,
				B46004CE1B8CBB1000757221 /* FunctionsViewController.m in Sources */,
				B46004D71B8CBB5D00757221 /* ManagesiteViewController.m in Sources */,
				B46004DA1B8CBB6900757221 /* AboutViewController.m in Sources */,
				B4DD04501B8DD88400E2ACA3 /* CatItemViewController.m in Sources */,
				B44B19DB1B9499B10028D41C /* SourceFile.m in Sources */,
				B4DDA85D1BCFDC75006A33B9 /* SinglePostViewController.m in Sources */,
				B4DEF9841BCD26E4001D78DE /* PageCell.m in Sources */,
				B4DB405D1BC7C877009BD1A6 /* SCPullRefreshViewController.m in Sources */,
				B4E53F151B87FDCB00C4CFAA /* AppDelegate.m in Sources */,
				B4DB405B1BC7C877009BD1A6 /* SCBubbleRefreshView.m in Sources */,
				B4E0DF4A1BAEB0B000289630 /* WebBrowserController.m in Sources */,
				B40213B91BC6BB8600E71E6B /* PostsListViewController.m in Sources */,
				B4E0DF471BAE602D00289630 /* SiteToolsViewController.m in Sources */,
				B4DB40641BC817A5009BD1A6 /* NavBarTitleDropdownButton.m in Sources */,
				B4DD02EA1BB045F20066C8E5 /* PostCell.m in Sources */,
				B4DB63071BD2AFB0007DF1D1 /* CustomPostsListViewController.m in Sources */,
				B4DD044D1B8DD85500E2ACA3 /* FuncItemViewController.m in Sources */,
				B41049E21BA992BC00109B9B /* Blog.m in Sources */,
				B4012D051BD524700037C426 /* Comment.m in Sources */,
				B4DB40611BC7C8F7009BD1A6 /* DACircularProgressView.m in Sources */,
				B4E0DD401BC95DF20052519A /* FiltersTableViewController.m in Sources */,
				B4A91A791BA7243900874D56 /* AddSiteViewController.m in Sources */,
				B4E45AD61BD65536002C34FB /* PostCommentsViewController.m in Sources */,
				B4DD04531B8DD89500E2ACA3 /* FileItemViewController.m in Sources */,
				B4DA77B01BC0B8DB00B3E9D4 /* AboutTableViewController.m in Sources */,
				B4E149A01BA3FC8500C6CA20 /* CatFuncItemsViewController.m in Sources */,
				B4DC00421BC21B6C00B8F194 /* SiteSettingViewController.m in Sources */,
				B4E45AD91BD67B5C002C34FB /* GravatarHelper.m in Sources */,
				B4DB7D9F1BBF6EF000DC203A /* PostActionBar.m in Sources */,
				B46004D11B8CBB3D00757221 /* CategoriesViewController.m in Sources */,
				B46572111BB2CBCD00835972 /* Post.m in Sources */,
				B4E53F121B87FDCB00C4CFAA /* main.m in Sources */,
				B46572301BB2F39B00835972 /* NSString+Util.m in Sources */,
				B4DB405C1BC7C877009BD1A6 /* SCCircularRefreshView.m in Sources */,
				B4C04FD51B9B256500A43AEA /* CatItem.m in Sources */,
				B46572331BB2F68F00835972 /* DisplayableImageHelper.m in Sources */,
				B4E0DD3C1BC93EBA0052519A /* PostStatusType.m in Sources */,
			);
			runOnlyForDeploymentPostprocessing = 0;
		};
		B4E53F241B87FDCB00C4CFAA /* Sources */ = {
			isa = PBXSourcesBuildPhase;
			buildActionMask = 2147483647;
			files = (
				B4E53F2F1B87FDCB00C4CFAA /* WordPressKitTests.m in Sources */,
			);
			runOnlyForDeploymentPostprocessing = 0;
		};
/* End PBXSourcesBuildPhase section */

/* Begin PBXTargetDependency section */
		B4E53F2A1B87FDCB00C4CFAA /* PBXTargetDependency */ = {
			isa = PBXTargetDependency;
			target = B4E53F0B1B87FDCB00C4CFAA /* WordPressKit */;
			targetProxy = B4E53F291B87FDCB00C4CFAA /* PBXContainerItemProxy */;
		};
/* End PBXTargetDependency section */

/* Begin PBXVariantGroup section */
		B4E53F1C1B87FDCB00C4CFAA /* Main.storyboard */ = {
			isa = PBXVariantGroup;
			children = (
				B4E53F1D1B87FDCB00C4CFAA /* Base */,
			);
			name = Main.storyboard;
			path = .;
			sourceTree = "<group>";
		};
		B4E53F211B87FDCB00C4CFAA /* LaunchScreen.xib */ = {
			isa = PBXVariantGroup;
			children = (
				B4E53F221B87FDCB00C4CFAA /* Base */,
			);
			name = LaunchScreen.xib;
			path = .;
			sourceTree = "<group>";
		};
/* End PBXVariantGroup section */

/* Begin XCBuildConfiguration section */
		B4E53F301B87FDCB00C4CFAA /* Debug */ = {
			isa = XCBuildConfiguration;
			buildSettings = {
				ALWAYS_SEARCH_USER_PATHS = NO;
				CLANG_CXX_LANGUAGE_STANDARD = "gnu++0x";
				CLANG_CXX_LIBRARY = "libc++";
				CLANG_ENABLE_MODULES = YES;
				CLANG_ENABLE_OBJC_ARC = YES;
				CLANG_WARN_BOOL_CONVERSION = YES;
				CLANG_WARN_CONSTANT_CONVERSION = YES;
				CLANG_WARN_DIRECT_OBJC_ISA_USAGE = YES_ERROR;
				CLANG_WARN_EMPTY_BODY = YES;
				CLANG_WARN_ENUM_CONVERSION = YES;
				CLANG_WARN_INT_CONVERSION = YES;
				CLANG_WARN_OBJC_ROOT_CLASS = YES_ERROR;
				CLANG_WARN_UNREACHABLE_CODE = YES;
				CLANG_WARN__DUPLICATE_METHOD_MATCH = YES;
				"CODE_SIGN_IDENTITY[sdk=iphoneos*]" = "iPhone Developer";
				COPY_PHASE_STRIP = NO;
				DEBUG_INFORMATION_FORMAT = "dwarf-with-dsym";
				ENABLE_STRICT_OBJC_MSGSEND = YES;
				GCC_C_LANGUAGE_STANDARD = gnu99;
				GCC_DYNAMIC_NO_PIC = NO;
				GCC_NO_COMMON_BLOCKS = YES;
				GCC_OPTIMIZATION_LEVEL = 0;
				GCC_PREPROCESSOR_DEFINITIONS = (
					"DEBUG=1",
					"$(inherited)",
				);
				GCC_SYMBOLS_PRIVATE_EXTERN = NO;
				GCC_WARN_64_TO_32_BIT_CONVERSION = YES;
				GCC_WARN_ABOUT_RETURN_TYPE = YES_ERROR;
				GCC_WARN_UNDECLARED_SELECTOR = YES;
				GCC_WARN_UNINITIALIZED_AUTOS = YES_AGGRESSIVE;
				GCC_WARN_UNUSED_FUNCTION = YES;
				GCC_WARN_UNUSED_VARIABLE = YES;
				IPHONEOS_DEPLOYMENT_TARGET = 8.4;
				MTL_ENABLE_DEBUG_INFO = YES;
				ONLY_ACTIVE_ARCH = YES;
				SDKROOT = iphoneos;
				TARGETED_DEVICE_FAMILY = "1,2";
			};
			name = Debug;
		};
		B4E53F311B87FDCB00C4CFAA /* Release */ = {
			isa = XCBuildConfiguration;
			buildSettings = {
				ALWAYS_SEARCH_USER_PATHS = NO;
				CLANG_CXX_LANGUAGE_STANDARD = "gnu++0x";
				CLANG_CXX_LIBRARY = "libc++";
				CLANG_ENABLE_MODULES = YES;
				CLANG_ENABLE_OBJC_ARC = YES;
				CLANG_WARN_BOOL_CONVERSION = YES;
				CLANG_WARN_CONSTANT_CONVERSION = YES;
				CLANG_WARN_DIRECT_OBJC_ISA_USAGE = YES_ERROR;
				CLANG_WARN_EMPTY_BODY = YES;
				CLANG_WARN_ENUM_CONVERSION = YES;
				CLANG_WARN_INT_CONVERSION = YES;
				CLANG_WARN_OBJC_ROOT_CLASS = YES_ERROR;
				CLANG_WARN_UNREACHABLE_CODE = YES;
				CLANG_WARN__DUPLICATE_METHOD_MATCH = YES;
				"CODE_SIGN_IDENTITY[sdk=iphoneos*]" = "iPhone Developer";
				COPY_PHASE_STRIP = NO;
				DEBUG_INFORMATION_FORMAT = "dwarf-with-dsym";
				ENABLE_NS_ASSERTIONS = NO;
				ENABLE_STRICT_OBJC_MSGSEND = YES;
				GCC_C_LANGUAGE_STANDARD = gnu99;
				GCC_NO_COMMON_BLOCKS = YES;
				GCC_WARN_64_TO_32_BIT_CONVERSION = YES;
				GCC_WARN_ABOUT_RETURN_TYPE = YES_ERROR;
				GCC_WARN_UNDECLARED_SELECTOR = YES;
				GCC_WARN_UNINITIALIZED_AUTOS = YES_AGGRESSIVE;
				GCC_WARN_UNUSED_FUNCTION = YES;
				GCC_WARN_UNUSED_VARIABLE = YES;
				IPHONEOS_DEPLOYMENT_TARGET = 8.4;
				MTL_ENABLE_DEBUG_INFO = NO;
				SDKROOT = iphoneos;
				TARGETED_DEVICE_FAMILY = "1,2";
				VALIDATE_PRODUCT = YES;
			};
			name = Release;
		};
		B4E53F331B87FDCB00C4CFAA /* Debug */ = {
			isa = XCBuildConfiguration;
			baseConfigurationReference = 2201DCDA6069FDA7BD32C1F2 /* Pods.debug.xcconfig */;
			buildSettings = {
				ASSETCATALOG_COMPILER_APPICON_NAME = AppIcon;
				ASSETCATALOG_COMPILER_LAUNCHIMAGE_NAME = LaunchImage;
				CODE_SIGN_IDENTITY = "iPhone Developer";
				GCC_PREFIX_HEADER = "$(SRCROOT)/WordPressKit/WordPressKit-Prefix.pch";
				INFOPLIST_FILE = "WordPressKit/Supporting Files/Info.plist";
				LD_RUNPATH_SEARCH_PATHS = "$(inherited) @executable_path/Frameworks";
				LIBRARY_SEARCH_PATHS = (
					"$(inherited)",
					"$(PROJECT_DIR)/WordPressKit/Additions/UMSocial",
					"$(PROJECT_DIR)/WordPressKit/Additions/UMSocial/Wechat",
				);
				PRODUCT_NAME = "$(TARGET_NAME)";
				USER_HEADER_SEARCH_PATHS = "${SRCROOT}/**";
			};
			name = Debug;
		};
		B4E53F341B87FDCB00C4CFAA /* Release */ = {
			isa = XCBuildConfiguration;
			baseConfigurationReference = EEEC05FB07F931989DBD5D97 /* Pods.release.xcconfig */;
			buildSettings = {
				ASSETCATALOG_COMPILER_APPICON_NAME = AppIcon;
				ASSETCATALOG_COMPILER_LAUNCHIMAGE_NAME = LaunchImage;
				CODE_SIGN_IDENTITY = "iPhone Developer";
				GCC_PREFIX_HEADER = "$(SRCROOT)/WordPressKit/WordPressKit-Prefix.pch";
				INFOPLIST_FILE = "WordPressKit/Supporting Files/Info.plist";
				LD_RUNPATH_SEARCH_PATHS = "$(inherited) @executable_path/Frameworks";
				LIBRARY_SEARCH_PATHS = (
					"$(inherited)",
					"$(PROJECT_DIR)/WordPressKit/Additions/UMSocial",
					"$(PROJECT_DIR)/WordPressKit/Additions/UMSocial/Wechat",
				);
				PRODUCT_NAME = "$(TARGET_NAME)";
				USER_HEADER_SEARCH_PATHS = "${SRCROOT}/**";
			};
			name = Release;
		};
		B4E53F361B87FDCB00C4CFAA /* Debug */ = {
			isa = XCBuildConfiguration;
			buildSettings = {
				BUNDLE_LOADER = "$(TEST_HOST)";
				FRAMEWORK_SEARCH_PATHS = (
					"$(SDKROOT)/Developer/Library/Frameworks",
					"$(inherited)",
				);
				GCC_PREPROCESSOR_DEFINITIONS = (
					"DEBUG=1",
					"$(inherited)",
				);
				INFOPLIST_FILE = "WordPressKitTests/Supporting Files/Info.plist";
				LD_RUNPATH_SEARCH_PATHS = "$(inherited) @executable_path/Frameworks @loader_path/Frameworks";
				PRODUCT_NAME = "$(TARGET_NAME)";
				TEST_HOST = "$(BUILT_PRODUCTS_DIR)/WordPressKit.app/WordPressKit";
			};
			name = Debug;
		};
		B4E53F371B87FDCB00C4CFAA /* Release */ = {
			isa = XCBuildConfiguration;
			buildSettings = {
				BUNDLE_LOADER = "$(TEST_HOST)";
				FRAMEWORK_SEARCH_PATHS = (
					"$(SDKROOT)/Developer/Library/Frameworks",
					"$(inherited)",
				);
				INFOPLIST_FILE = "WordPressKitTests/Supporting Files/Info.plist";
				LD_RUNPATH_SEARCH_PATHS = "$(inherited) @executable_path/Frameworks @loader_path/Frameworks";
				PRODUCT_NAME = "$(TARGET_NAME)";
				TEST_HOST = "$(BUILT_PRODUCTS_DIR)/WordPressKit.app/WordPressKit";
			};
			name = Release;
		};
/* End XCBuildConfiguration section */

/* Begin XCConfigurationList section */
		B4E53F071B87FDCB00C4CFAA /* Build configuration list for PBXProject "WordPressKit" */ = {
			isa = XCConfigurationList;
			buildConfigurations = (
				B4E53F301B87FDCB00C4CFAA /* Debug */,
				B4E53F311B87FDCB00C4CFAA /* Release */,
			);
			defaultConfigurationIsVisible = 0;
			defaultConfigurationName = Release;
		};
		B4E53F321B87FDCB00C4CFAA /* Build configuration list for PBXNativeTarget "WordPressKit" */ = {
			isa = XCConfigurationList;
			buildConfigurations = (
				B4E53F331B87FDCB00C4CFAA /* Debug */,
				B4E53F341B87FDCB00C4CFAA /* Release */,
			);
			defaultConfigurationIsVisible = 0;
			defaultConfigurationName = Release;
		};
		B4E53F351B87FDCB00C4CFAA /* Build configuration list for PBXNativeTarget "WordPressKitTests" */ = {
			isa = XCConfigurationList;
			buildConfigurations = (
				B4E53F361B87FDCB00C4CFAA /* Debug */,
				B4E53F371B87FDCB00C4CFAA /* Release */,
			);
			defaultConfigurationIsVisible = 0;
			defaultConfigurationName = Release;
		};
/* End XCConfigurationList section */
	};
	rootObject = B4E53F041B87FDCB00C4CFAA /* Project object */;
}
